// !$*UTF8*$!
{
	archiveVersion = 1;
	classes = {
	};
	objectVersion = 46;
	objects = {
		5E618435888B9D49F8540165 = {
			buildActionMask = 2147483647;
			files = (
				);
			isa = PBXShellScriptBuildPhase;
			runOnlyForDeploymentPostprocessing = 0;
			name = "Qt Qmake";
			shellPath = "/bin/sh";
			shellScript = "make -C /Users/Linfinity/Downloads/qip2 -f qt_makeqmake.mak";
			showEnvVarsInLog = "0";
		};
		09195F792337B028602AECED = {
			isa = PBXFileReference;
			path = "/Users/Linfinity/Downloads/qip2/main.cpp";
			name = "main.cpp";
			sourceTree = "<absolute>";
			lastKnownFileType = "sourcecode.cpp.cpp";
		};
		EA3D55A6D5135D7982AC31C0 = {
			fileRef = "09195F792337B028602AECED";
			isa = PBXBuildFile;
			settings = {
				ATTRIBUTES = (
					);
			};
		};
		254CD2A1D3DBCEE2DC248062 = {
			isa = PBXFileReference;
			path = "/Users/Linfinity/Downloads/qip2/MainWindow.cpp";
			name = "MainWindow.cpp";
			sourceTree = "<absolute>";
			lastKnownFileType = "sourcecode.cpp.cpp";
		};
		915D61F2FA99068752348A94 = {
			fileRef = "254CD2A1D3DBCEE2DC248062";
			isa = PBXBuildFile;
			settings = {
				ATTRIBUTES = (
					);
			};
		};
		70CF3C3514691BFCD68EAF01 = {
			isa = PBXFileReference;
			path = "/Users/Linfinity/Downloads/qip2/ImageFilter.cpp";
			name = "ImageFilter.cpp";
			sourceTree = "<absolute>";
			lastKnownFileType = "sourcecode.cpp.cpp";
		};
		34940646C8FE96F5A8CE4912 = {
			fileRef = "70CF3C3514691BFCD68EAF01";
			isa = PBXBuildFile;
			settings = {
				ATTRIBUTES = (
					);
			};
		};
		6D0295B51949216695B7E51F = {
			isa = PBXFileReference;
			path = "/Users/Linfinity/Downloads/qip2/qcustomplot.cpp";
			name = "qcustomplot.cpp";
			sourceTree = "<absolute>";
			lastKnownFileType = "sourcecode.cpp.cpp";
		};
		F7519A7CAB087AEC23AA1AE2 = {
			fileRef = "6D0295B51949216695B7E51F";
			isa = PBXBuildFile;
			settings = {
				ATTRIBUTES = (
					);
			};
		};
		48C8E2369148D9EEF83A4D50 = {
			isa = PBXFileReference;
			path = "/Users/Linfinity/Downloads/qip2/Dummy.cpp";
			name = "Dummy.cpp";
			sourceTree = "<absolute>";
			lastKnownFileType = "sourcecode.cpp.cpp";
		};
		B5915EED2C7C62356126C349 = {
			fileRef = "48C8E2369148D9EEF83A4D50";
			isa = PBXBuildFile;
			settings = {
				ATTRIBUTES = (
					);
			};
		};
		922BB712C4373FCC49D5155F = {
			isa = PBXFileReference;
			path = "/Users/Linfinity/Downloads/qip2/Threshold.cpp";
			name = "Threshold.cpp";
			sourceTree = "<absolute>";
			lastKnownFileType = "sourcecode.cpp.cpp";
		};
		96DCE844353D28EBCA7BAA78 = {
			fileRef = "922BB712C4373FCC49D5155F";
			isa = PBXBuildFile;
			settings = {
				ATTRIBUTES = (
					);
			};
		};
		883D9729F9D78EDDA4A091F9 = {
			isa = PBXFileReference;
			path = "/Users/Linfinity/Downloads/qip2/Contrast.cpp";
			name = "Contrast.cpp";
			sourceTree = "<absolute>";
			lastKnownFileType = "sourcecode.cpp.cpp";
		};
		FACB945410E63CB00459A97B = {
			fileRef = "883D9729F9D78EDDA4A091F9";
			isa = PBXBuildFile;
			settings = {
				ATTRIBUTES = (
					);
			};
		};
		E275F493AEA50871BE82CABF = {
			isa = PBXFileReference;
			path = "/Users/Linfinity/Downloads/qip2/Quantization.cpp";
			name = "Quantization.cpp";
			sourceTree = "<absolute>";
			lastKnownFileType = "sourcecode.cpp.cpp";
		};
		FC382773D716AD5E4F7DCFB5 = {
			fileRef = "E275F493AEA50871BE82CABF";
			isa = PBXBuildFile;
			settings = {
				ATTRIBUTES = (
					);
			};
		};
		04F8F8495C6FE4BB5EE34C99 = {
			isa = PBXFileReference;
			path = "/Users/Linfinity/Downloads/qip2/moc/moc_MainWindow.cpp";
			name = "moc_MainWindow.cpp";
			sourceTree = "<absolute>";
			lastKnownFileType = "sourcecode.cpp.cpp";
		};
		7376A77CA2F76AEBCF89EAD5 = {
			fileRef = "04F8F8495C6FE4BB5EE34C99";
			isa = PBXBuildFile;
			settings = {
				ATTRIBUTES = (
					);
			};
		};
		531D69374FA21785F29C2D7D = {
			isa = PBXFileReference;
			path = "/Users/Linfinity/Downloads/qip2/moc/moc_qcustomplot.cpp";
			name = "moc_qcustomplot.cpp";
			sourceTree = "<absolute>";
			lastKnownFileType = "sourcecode.cpp.cpp";
		};
		1870D9FE123C2807339D2806 = {
			fileRef = "531D69374FA21785F29C2D7D";
			isa = PBXBuildFile;
			settings = {
				ATTRIBUTES = (
					);
			};
		};
		151568A9D9FD703FCC125FE1 = {
			isa = PBXFileReference;
			path = "/Users/Linfinity/Downloads/qip2/moc/moc_Dummy.cpp";
			name = "moc_Dummy.cpp";
			sourceTree = "<absolute>";
			lastKnownFileType = "sourcecode.cpp.cpp";
		};
		DC1227D43C9805DB6CC831DE = {
			fileRef = "151568A9D9FD703FCC125FE1";
			isa = PBXBuildFile;
			settings = {
				ATTRIBUTES = (
					);
			};
		};
		FDA342391619E48E641E3184 = {
			isa = PBXFileReference;
			path = "/Users/Linfinity/Downloads/qip2/moc/moc_Threshold.cpp";
			name = "moc_Threshold.cpp";
			sourceTree = "<absolute>";
			lastKnownFileType = "sourcecode.cpp.cpp";
		};
		1332BF0934F347C72873BC7C = {
			fileRef = "FDA342391619E48E641E3184";
			isa = PBXBuildFile;
			settings = {
				ATTRIBUTES = (
					);
			};
		};
		E3FFFF4CD71F3659C354B8C6 = {
			isa = PBXFileReference;
			path = "/Users/Linfinity/Downloads/qip2/moc/moc_Contrast.cpp";
			name = "moc_Contrast.cpp";
			sourceTree = "<absolute>";
			lastKnownFileType = "sourcecode.cpp.cpp";
		};
		0F715D9F4F25FC566FADE67F = {
			fileRef = "E3FFFF4CD71F3659C354B8C6";
			isa = PBXBuildFile;
			settings = {
				ATTRIBUTES = (
					);
			};
		};
		67101D61A9BF6CBB40BCE5AA = {
			isa = PBXFileReference;
			path = "/Users/Linfinity/Downloads/qip2/moc/moc_Quantization.cpp";
			name = "moc_Quantization.cpp";
			sourceTree = "<absolute>";
			lastKnownFileType = "sourcecode.cpp.cpp";
		};
		15C75C2D4F4CBE1A265C312A = {
			fileRef = "67101D61A9BF6CBB40BCE5AA";
			isa = PBXBuildFile;
			settings = {
				ATTRIBUTES = (
					);
			};
		};
		167C9B2A084EF9E35A4BFB3D = {
			isa = PBXFileReference;
			path = "/Users/Linfinity/Downloads/qip2/MainWindow.h";
			name = "MainWindow.h";
			sourceTree = "<absolute>";
			lastKnownFileType = "sourcecode.c.h";
		};
		DBA3F65EB521D1F3C08E10EB = {
			isa = PBXFileReference;
			path = "/Users/Linfinity/Downloads/qip2/ImageFilter.h";
			name = "ImageFilter.h";
			sourceTree = "<absolute>";
			lastKnownFileType = "sourcecode.c.h";
		};
		C43766251A56CA5554FEAC45 = {
			isa = PBXFileReference;
			path = "/Users/Linfinity/Downloads/qip2/qcustomplot.h";
			name = "qcustomplot.h";
			sourceTree = "<absolute>";
			lastKnownFileType = "sourcecode.c.h";
		};
		CBB468C22FE8A138BCDE0797 = {
			isa = PBXFileReference;
			path = "/Users/Linfinity/Downloads/qip2/Dummy.h";
			name = "Dummy.h";
			sourceTree = "<absolute>";
			lastKnownFileType = "sourcecode.c.h";
		};
		9BF784E1699757387955455A = {
			isa = PBXFileReference;
			path = "/Users/Linfinity/Downloads/qip2/Threshold.h";
			name = "Threshold.h";
			sourceTree = "<absolute>";
			lastKnownFileType = "sourcecode.c.h";
		};
		80D0FBB813F4BF228FAEC7D3 = {
			isa = PBXFileReference;
			path = "/Users/Linfinity/Downloads/qip2/Contrast.h";
			name = "Contrast.h";
			sourceTree = "<absolute>";
			lastKnownFileType = "sourcecode.c.h";
		};
		FB132AC61965E5D632D4FCEC = {
			isa = PBXFileReference;
			path = "/Users/Linfinity/Downloads/qip2/Quantization.h";
			name = "Quantization.h";
			sourceTree = "<absolute>";
			lastKnownFileType = "sourcecode.c.h";
		};
		D3D57E7A48A7B039D631FFDD = {
			isa = PBXFileReference;
			path = "/Users/Linfinity/Downloads/qip2/qip.pro";
			name = "qip.pro";
			sourceTree = "<absolute>";
			lastKnownFileType = "text";
		};
		FE17BBF34C765AF7281CA394 = {
			isa = PBXFileReference;
			path = "/Users/Linfinity/Downloads/qip2/.qmake.stash";
			name = ".qmake.stash";
			sourceTree = "<absolute>";
		};
		25B08E2869634E9BCBA333A2 = {
			isa = PBXGroup;
			children = (
				"DB4B99EED9A53460A6E7DC1F");
			name = "Generated Sources";
			sourceTree = "<Group>";
		};
		DB4B99EED9A53460A6E7DC1F = {
			isa = PBXGroup;
			children = (
				"04F8F8495C6FE4BB5EE34C99",
				"531D69374FA21785F29C2D7D",
				"151568A9D9FD703FCC125FE1",
				"FDA342391619E48E641E3184",
				"E3FFFF4CD71F3659C354B8C6",
				"67101D61A9BF6CBB40BCE5AA");
			name = "moc";
			sourceTree = "<Group>";
		};
		2EB56BE3C2D93CDAB0C52E67 = {
			isa = PBXGroup;
			children = (
				"09195F792337B028602AECED",
				"254CD2A1D3DBCEE2DC248062",
				"70CF3C3514691BFCD68EAF01",
				"6D0295B51949216695B7E51F",
				"48C8E2369148D9EEF83A4D50",
				"922BB712C4373FCC49D5155F",
				"883D9729F9D78EDDA4A091F9",
				"E275F493AEA50871BE82CABF",
				"167C9B2A084EF9E35A4BFB3D",
				"DBA3F65EB521D1F3C08E10EB",
				"C43766251A56CA5554FEAC45",
				"CBB468C22FE8A138BCDE0797",
				"9BF784E1699757387955455A",
				"80D0FBB813F4BF228FAEC7D3",
				"FB132AC61965E5D632D4FCEC");
			name = "Sources";
			sourceTree = "<Group>";
		};
		74B182DB50CB5611B5C1C297 = {
			isa = PBXGroup;
			children = (
				"D3D57E7A48A7B039D631FFDD",
				"FE17BBF34C765AF7281CA394");
			name = "Supporting Files";
			sourceTree = "<Group>";
		};
		7EF0942E79C014DCEC8976BC = {
			buildActionMask = 2147483647;
			files = (
				);
			isa = PBXShellScriptBuildPhase;
			runOnlyForDeploymentPostprocessing = 0;
			name = "Qt Preprocessors";
			shellPath = "/bin/sh";
			shellScript = "make -C /Users/Linfinity/Downloads/qip2 -f qt_preprocess.mak";
			showEnvVarsInLog = "0";
		};
		F7E50F631C51CD5B5DC0BC43 = {
			buildActionMask = 2147483647;
			files = (
				"EA3D55A6D5135D7982AC31C0",
				"915D61F2FA99068752348A94",
				"34940646C8FE96F5A8CE4912",
				"F7519A7CAB087AEC23AA1AE2",
				"B5915EED2C7C62356126C349",
				"96DCE844353D28EBCA7BAA78",
				"FACB945410E63CB00459A97B",
				"FC382773D716AD5E4F7DCFB5",
				"7376A77CA2F76AEBCF89EAD5",
				"1870D9FE123C2807339D2806",
				"DC1227D43C9805DB6CC831DE",
				"1332BF0934F347C72873BC7C",
				"0F715D9F4F25FC566FADE67F",
				"15C75C2D4F4CBE1A265C312A");
			isa = PBXSourcesBuildPhase;
			runOnlyForDeploymentPostprocessing = 0;
			name = "Compile Sources";
		};
		105717AED2C3F7AAAC8CD9FF = {
			isa = PBXFileReference;
			name = "IP_d";
			path = "/Users/Linfinity/Downloads/qip2/IP/mac/lib/libIP_d.a";
			refType = 0;
			sourceTree = "<absolute>";
		};
		F9356E78BCA1FB313FBA3B0E = {
			fileRef = "105717AED2C3F7AAAC8CD9FF";
			isa = PBXBuildFile;
			settings = {
			};
		};
		1AD83C9A341842344D666C95 = {
			isa = PBXFileReference;
			name = "QtPrintSupport.framework";
			path = "/Users/Linfinity/Qt5.5.1/5.5/clang_64/lib/QtPrintSupport.framework";
			refType = 0;
			sourceTree = "<absolute>";
			lastKnownFileType = "wrapper.framework";
		};
		BF06856FA5E244D66969D464 = {
			fileRef = "1AD83C9A341842344D666C95";
			isa = PBXBuildFile;
			settings = {
			};
		};
		8644F0F22669C0F02FAA8A25 = {
			isa = PBXFileReference;
			name = "QtWidgets.framework";
			path = "/Users/Linfinity/Qt5.5.1/5.5/clang_64/lib/QtWidgets.framework";
			refType = 0;
			sourceTree = "<absolute>";
			lastKnownFileType = "wrapper.framework";
		};
		CF309C330937B6AD2B25C879 = {
			fileRef = "8644F0F22669C0F02FAA8A25";
			isa = PBXBuildFile;
			settings = {
			};
		};
		E1532D8C907F44807E95611E = {
			isa = PBXFileReference;
			name = "QtGui.framework";
			path = "/Users/Linfinity/Qt5.5.1/5.5/clang_64/lib/QtGui.framework";
			refType = 0;
			sourceTree = "<absolute>";
			lastKnownFileType = "wrapper.framework";
		};
		5B26BBA00F6538C163EB065C = {
			fileRef = "E1532D8C907F44807E95611E";
			isa = PBXBuildFile;
			settings = {
			};
		};
		277EADEAD400DE9BE63ABBC8 = {
			isa = PBXFileReference;
			name = "QtCore.framework";
			path = "/Users/Linfinity/Qt5.5.1/5.5/clang_64/lib/QtCore.framework";
			refType = 0;
			sourceTree = "<absolute>";
			lastKnownFileType = "wrapper.framework";
		};
		6479686324DD8B11F7216723 = {
			fileRef = "277EADEAD400DE9BE63ABBC8";
			isa = PBXBuildFile;
			settings = {
			};
		};
		2B774D8E4178765CE52EAAF5 = {
			isa = PBXFileReference;
			name = "DiskArbitration.framework";
			path = "/System/Library/Frameworks/DiskArbitration.framework";
			refType = 0;
			sourceTree = "<absolute>";
			lastKnownFileType = "wrapper.framework";
		};
		A99B2AA0F9CBBDD12BA126A4 = {
			fileRef = "2B774D8E4178765CE52EAAF5";
			isa = PBXBuildFile;
			settings = {
			};
		};
		A1A67BEAA744704B29168D39 = {
			isa = PBXFileReference;
			name = "IOKit.framework";
			path = "/System/Library/Frameworks/IOKit.framework";
			refType = 0;
			sourceTree = "<absolute>";
			lastKnownFileType = "wrapper.framework";
		};
		8D267F2E4776F0ECA2F49DC8 = {
			fileRef = "A1A67BEAA744704B29168D39";
			isa = PBXBuildFile;
			settings = {
			};
		};
		D4B32C2222F82AC56BADEB21 = {
			isa = PBXFileReference;
			name = "OpenGL.framework";
			path = "/System/Library/Frameworks/OpenGL.framework";
			refType = 0;
			sourceTree = "<absolute>";
			lastKnownFileType = "wrapper.framework";
		};
		8771A8C96E9C391044035D99 = {
			fileRef = "D4B32C2222F82AC56BADEB21";
			isa = PBXBuildFile;
			settings = {
			};
		};
		8D9815BDB5BD9F90D2BC05C5 = {
			isa = PBXFileReference;
			name = "AGL.framework";
			path = "/System/Library/Frameworks/AGL.framework";
			refType = 0;
			sourceTree = "<absolute>";
			lastKnownFileType = "wrapper.framework";
		};
		E45E51A644D5FC9F942ECE55 = {
			fileRef = "8D9815BDB5BD9F90D2BC05C5";
			isa = PBXBuildFile;
			settings = {
			};
		};
		AF39DD055C3EF8226FBE929D = {
			children = (
				"105717AED2C3F7AAAC8CD9FF",
				"1AD83C9A341842344D666C95",
				"8644F0F22669C0F02FAA8A25",
				"E1532D8C907F44807E95611E",
				"277EADEAD400DE9BE63ABBC8",
				"2B774D8E4178765CE52EAAF5",
				"A1A67BEAA744704B29168D39",
				"D4B32C2222F82AC56BADEB21",
				"8D9815BDB5BD9F90D2BC05C5");
			isa = PBXGroup;
			name = "Frameworks";
			sourceTree = "<Group>";
		};
		D1C883685E82D5676953459A = {
			buildActionMask = 2147483647;
			files = (
				"F9356E78BCA1FB313FBA3B0E",
				"BF06856FA5E244D66969D464",
				"CF309C330937B6AD2B25C879",
				"5B26BBA00F6538C163EB065C",
				"6479686324DD8B11F7216723",
				"A99B2AA0F9CBBDD12BA126A4",
				"8D267F2E4776F0ECA2F49DC8",
				"8771A8C96E9C391044035D99",
				"E45E51A644D5FC9F942ECE55");
			isa = PBXFrameworksBuildPhase;
			runOnlyForDeploymentPostprocessing = 0;
			name = "Link Binary With Libraries";
		};
		30414803F31797EB689AE508 = {
			buildActionMask = 2147483647;
			files = (
				);
			isa = PBXResourcesBuildPhase;
			runOnlyForDeploymentPostprocessing = 0;
			name = "Copy Bundle Resources";
		};
		237D00CCB946A9EB067DCE1B = {
			isa = PBXFileReference;
			includeInIndex = 0;
			explicitFileType = "wrapper.application";
			path = "qip.app";
			sourceTree = BUILT_PRODUCTS_DIR;
		};
		FE0A091FDBFB3E9C31B7A1BD = {
			children = (
				"237D00CCB946A9EB067DCE1B");
			isa = PBXGroup;
			name = "Products";
			sourceTree = "<Group>";
		};
		E8C543AB96796ECAA2E65C57 = {
			children = (
				"2EB56BE3C2D93CDAB0C52E67",
				"25B08E2869634E9BCBA333A2",
				"74B182DB50CB5611B5C1C297",
				"AF39DD055C3EF8226FBE929D",
				"FE0A091FDBFB3E9C31B7A1BD");
			isa = PBXGroup;
			name = "qip";
			sourceTree = "<Group>";
		};
		52D7A7B7E0EE28357356A422 = {
			buildPhases = (
				"5E618435888B9D49F8540165",
				"7EF0942E79C014DCEC8976BC");
			dependencies = (
				);
			buildConfigurationList = 6CC3B5D2136C7CD6A5CF5A59;
			isa = PBXAggregateTarget;
			buildRules = (
);
			productName = "Qt Preprocess";
			name = "Qt Preprocess";
		};
		EB9F60F622D968564D87CD45 = {
			isa = PBXTargetDependency;
			target = "52D7A7B7E0EE28357356A422";
		};
		B71627C7DBFD73156F1B8E12 = {
			buildPhases = (
				"F7E50F631C51CD5B5DC0BC43",
				"D1C883685E82D5676953459A",
				"30414803F31797EB689AE508");
			dependencies = (
				"EB9F60F622D968564D87CD45");
			productReference = "237D00CCB946A9EB067DCE1B";
			buildConfigurationList = 6CC3B5D2136C7CD6A5CF5A59;
			isa = PBXNativeTarget;
			buildRules = (
);
			productType = "com.apple.product-type.application";
			name = "qip";
			productName = "qip";
		};
		3AA6C32AC930069E80220CF1 = {
			isa = XCBuildConfiguration;
			buildSettings = {
				COPY_PHASE_STRIP = "NO";
				ENABLE_BITCODE = "NO";
				GCC_GENERATE_DEBUGGING_SYMBOLS = "YES";
				GCC_OPTIMIZATION_LEVEL = "0";
				PRODUCT_NAME = "qip";
				QT_LIBRARY_SUFFIX = "_debug";
				SDKROOT = "macosx10.11";
				GCC_VERSION = com.apple.compilers.llvm.clang.1_0;
				CC = "/Applications/Xcode.app/Contents/Developer/Toolchains/XcodeDefault.xctoolchain/usr/bin/clang";
				LDPLUSPLUS = "/Applications/Xcode.app/Contents/Developer/Toolchains/XcodeDefault.xctoolchain/usr/bin/clang++";
				INFOPLIST_FILE = "Info.plist";
				SYMROOT = "/Users/Linfinity/Downloads/qip2";
				DYLIB_CURRENT_VERSION = "1.0.0";
				DYLIB_COMPATIBILITY_VERSION = "1.0";
				MACOSX_DEPLOYMENT_TARGET = "10.7";
				HEADER_SEARCH_PATHS = (
					".",
					"IP/mac/header",
					"../../Qt5.5.1/5.5/clang_64/lib/QtPrintSupport.framework/Headers",
					"../../Qt5.5.1/5.5/clang_64/lib/QtWidgets.framework/Headers",
					"../../Qt5.5.1/5.5/clang_64/lib/QtGui.framework/Headers",
					"../../Qt5.5.1/5.5/clang_64/lib/QtCore.framework/Headers",
					"moc",
					"/Applications/Xcode.app/Contents/Developer/Platforms/MacOSX.platform/Developer/SDKs/MacOSX10.11.sdk/System/Library/Frameworks/OpenGL.framework/Headers",
					"/Applications/Xcode.app/Contents/Developer/Platforms/MacOSX.platform/Developer/SDKs/MacOSX10.11.sdk/System/Library/Frameworks/AGL.framework/Headers",
					"../../Qt5.5.1/5.5/clang_64/mkspecs/macx-clang");
				LIBRARY_SEARCH_PATHS = (
					"./IP/mac/lib",
					"/Users/Linfinity/Downloads/qip2/IP/mac/lib",
					"/Users/Linfinity/Qt5.5.1/5.5/clang_64/lib",
					"/System/Library/Frameworks/");
				FRAMEWORK_SEARCH_PATHS = (
					"/Users/Linfinity/Qt5.5.1/5.5/clang_64/lib",
					"/Users/Linfinity/Qt5.5.1/5.5/clang_64/lib");
				OTHER_CFLAGS = (
					"-pipe",
					"-O2",
					"-Wall",
					"-W",
					"-fPIC",
					"-DQT_NO_DEBUG",
					"-DQT_PRINTSUPPORT_LIB",
					"-DQT_WIDGETS_LIB",
					"-DQT_GUI_LIB",
					"-DQT_CORE_LIB");
				OTHER_CPLUSPLUSFLAGS = (
					"-pipe",
					"-O2",
					"-Wall",
					"-W",
					"-fPIC",
					"-DQT_NO_DEBUG",
					"-DQT_PRINTSUPPORT_LIB",
					"-DQT_WIDGETS_LIB",
					"-DQT_GUI_LIB",
					"-DQT_CORE_LIB");
				OTHER_LDFLAGS = (
						"-headerpad_max_install_names",
						"-Wl,-rpath,/Users/Linfinity/Qt5.5.1/5.5/clang_64/lib",
						"-F/Users/Linfinity/Qt5.5.1/5.5/clang_64/lib",
						"-L./IP/mac/lib");
				ARCHS = "x86_64";
				OBJROOT = "obj/";
			};
			name = "Debug";
		};
		77418F46922677BB04ED38DD = {
			isa = XCBuildConfiguration;
			buildSettings = {
				COPY_PHASE_STRIP = "NO";
				ENABLE_BITCODE = "NO";
				GCC_GENERATE_DEBUGGING_SYMBOLS = "YES";
				GCC_OPTIMIZATION_LEVEL = "0";
				PRODUCT_NAME = "qip";
				QT_LIBRARY_SUFFIX = "_debug";
				SDKROOT = "macosx10.11";
				PRODUCT_NAME = "qip";
			};
			name = "Debug";
		};
		339EE1B2CC4FC24589A0EA95 = {
			isa = XCBuildConfiguration;
			buildSettings = {
				COPY_PHASE_STRIP = "YES";
				ENABLE_BITCODE = "NO";
				GCC_GENERATE_DEBUGGING_SYMBOLS = "NO";
				PRODUCT_NAME = "qip";
				QT_LIBRARY_SUFFIX = "";
				SDKROOT = "macosx10.11";
				GCC_VERSION = com.apple.compilers.llvm.clang.1_0;
				CC = "/Applications/Xcode.app/Contents/Developer/Toolchains/XcodeDefault.xctoolchain/usr/bin/clang";
				LDPLUSPLUS = "/Applications/Xcode.app/Contents/Developer/Toolchains/XcodeDefault.xctoolchain/usr/bin/clang++";
				INFOPLIST_FILE = "Info.plist";
				SYMROOT = "/Users/Linfinity/Downloads/qip2";
				DYLIB_CURRENT_VERSION = "1.0.0";
				DYLIB_COMPATIBILITY_VERSION = "1.0";
				MACOSX_DEPLOYMENT_TARGET = "10.7";
				HEADER_SEARCH_PATHS = (
					".",
					"IP/mac/header",
					"../../Qt5.5.1/5.5/clang_64/lib/QtPrintSupport.framework/Headers",
					"../../Qt5.5.1/5.5/clang_64/lib/QtWidgets.framework/Headers",
					"../../Qt5.5.1/5.5/clang_64/lib/QtGui.framework/Headers",
					"../../Qt5.5.1/5.5/clang_64/lib/QtCore.framework/Headers",
					"moc",
					"/Applications/Xcode.app/Contents/Developer/Platforms/MacOSX.platform/Developer/SDKs/MacOSX10.11.sdk/System/Library/Frameworks/OpenGL.framework/Headers",
					"/Applications/Xcode.app/Contents/Developer/Platforms/MacOSX.platform/Developer/SDKs/MacOSX10.11.sdk/System/Library/Frameworks/AGL.framework/Headers",
					"../../Qt5.5.1/5.5/clang_64/mkspecs/macx-clang");
				LIBRARY_SEARCH_PATHS = (
					"./IP/mac/lib",
					"/Users/Linfinity/Downloads/qip2/IP/mac/lib",
					"/Users/Linfinity/Qt5.5.1/5.5/clang_64/lib",
					"/System/Library/Frameworks/");
				FRAMEWORK_SEARCH_PATHS = (
					"/Users/Linfinity/Qt5.5.1/5.5/clang_64/lib",
					"/Users/Linfinity/Qt5.5.1/5.5/clang_64/lib");
				OTHER_CFLAGS = (
					"-pipe",
					"-O2",
					"-Wall",
					"-W",
					"-fPIC",
					"-DQT_NO_DEBUG",
					"-DQT_PRINTSUPPORT_LIB",
					"-DQT_WIDGETS_LIB",
					"-DQT_GUI_LIB",
					"-DQT_CORE_LIB");
				OTHER_CPLUSPLUSFLAGS = (
					"-pipe",
					"-O2",
					"-Wall",
					"-W",
					"-fPIC",
					"-DQT_NO_DEBUG",
					"-DQT_PRINTSUPPORT_LIB",
					"-DQT_WIDGETS_LIB",
					"-DQT_GUI_LIB",
					"-DQT_CORE_LIB");
				OTHER_LDFLAGS = (
						"-headerpad_max_install_names",
						"-Wl,-rpath,/Users/Linfinity/Qt5.5.1/5.5/clang_64/lib",
						"-F/Users/Linfinity/Qt5.5.1/5.5/clang_64/lib",
						"-L./IP/mac/lib");
				ARCHS = "x86_64";
				OBJROOT = "obj/";
			};
			name = "Release";
		};
		6666AA5E688052234F6758D8 = {
			isa = XCBuildConfiguration;
			buildSettings = {
				COPY_PHASE_STRIP = "YES";
				ENABLE_BITCODE = "NO";
				GCC_GENERATE_DEBUGGING_SYMBOLS = "NO";
				PRODUCT_NAME = "qip";
				QT_LIBRARY_SUFFIX = "";
				SDKROOT = "macosx10.11";
				PRODUCT_NAME = "qip";
			};
			name = "Release";
		};
		DAC4C1AA5EDEA1C85E9CA5E6 = {
			isa = XCConfigurationList;
			buildConfigurations = (
				"3AA6C32AC930069E80220CF1",
				"339EE1B2CC4FC24589A0EA95");
			defaultConfigurationIsVisible = 0;
			defaultConfigurationName = "Release";
		};
		6CC3B5D2136C7CD6A5CF5A59 = {
			isa = XCConfigurationList;
			buildConfigurations = (
				"77418F46922677BB04ED38DD",
				"6666AA5E688052234F6758D8");
			defaultConfigurationIsVisible = 0;
			defaultConfigurationName = "Release";
		};
		6DB9C3763D02B1415CD9D565 = {
			hasScannedForEncodings = 1;
			compatibilityVersion = "Xcode 3.2";
			isa = PBXProject;
			mainGroup = "E8C543AB96796ECAA2E65C57";
			productRefGroup = "FE0A091FDBFB3E9C31B7A1BD";
			buildConfigurationList = "DAC4C1AA5EDEA1C85E9CA5E6";
			projectDirPath = "";
			projectRoot = "";
			targets = (
				"B71627C7DBFD73156F1B8E12",
				"52D7A7B7E0EE28357356A422");
			attributes = {
				TargetAttributes = {
				};
			};
		};
	};
	rootObject = "6DB9C3763D02B1415CD9D565";
}
