// !$*UTF8*$!
{
	archiveVersion = 1;
	classes = {
	};
	objectVersion = 46;
	objects = {
		5E618435888B9D49F8540165 = {
			buildActionMask = 2147483647;
			files = (
				);
			isa = PBXShellScriptBuildPhase;
			runOnlyForDeploymentPostprocessing = 0;
			name = "Qt Qmake";
			shellPath = "/bin/sh";
			shellScript = "make -C /Users/Linfinity/Documents/Spring2016/CSc59866_SeniorDesign/CSc59866_SeniorDesign/qip2 -f qt_makeqmake.mak";
			showEnvVarsInLog = "0";
		};
		2EF690F6CCB3319D3E187CFF = {
			isa = PBXFileReference;
			path = "/Users/Linfinity/Documents/Spring2016/CSc59866_SeniorDesign/CSc59866_SeniorDesign/qip2/main.cpp";
			name = "main.cpp";
			sourceTree = "<absolute>";
			lastKnownFileType = "sourcecode.cpp.cpp";
		};
		A1BD06020701BBA8FFE1AE24 = {
			fileRef = "2EF690F6CCB3319D3E187CFF";
			isa = PBXBuildFile;
			settings = {
				ATTRIBUTES = (
					);
			};
		};
		4A65B488A8E094CD4733488D = {
			isa = PBXFileReference;
			path = "/Users/Linfinity/Documents/Spring2016/CSc59866_SeniorDesign/CSc59866_SeniorDesign/qip2/MainWindow.cpp";
			name = "MainWindow.cpp";
			sourceTree = "<absolute>";
			lastKnownFileType = "sourcecode.cpp.cpp";
		};
		E17A164DEC5C1D70D0247E8D = {
			fileRef = "4A65B488A8E094CD4733488D";
			isa = PBXBuildFile;
			settings = {
				ATTRIBUTES = (
					);
			};
		};
		BB8F479304EC2CE3B727055A = {
			isa = PBXFileReference;
			path = "/Users/Linfinity/Documents/Spring2016/CSc59866_SeniorDesign/CSc59866_SeniorDesign/qip2/ImageFilter.cpp";
			name = "ImageFilter.cpp";
			sourceTree = "<absolute>";
			lastKnownFileType = "sourcecode.cpp.cpp";
		};
		5D35897D576348934808F36B = {
			fileRef = "BB8F479304EC2CE3B727055A";
			isa = PBXBuildFile;
			settings = {
				ATTRIBUTES = (
					);
			};
		};
		A32AFC38DD3166ADE153AEE0 = {
			isa = PBXFileReference;
			path = "/Users/Linfinity/Documents/Spring2016/CSc59866_SeniorDesign/CSc59866_SeniorDesign/qip2/qcustomplot.cpp";
			name = "qcustomplot.cpp";
			sourceTree = "<absolute>";
			lastKnownFileType = "sourcecode.cpp.cpp";
		};
		211977D6CEC88BE6F6649B5B = {
			fileRef = "A32AFC38DD3166ADE153AEE0";
			isa = PBXBuildFile;
			settings = {
				ATTRIBUTES = (
					);
			};
		};
		DFFC33D1537E58AB2638EC81 = {
			isa = PBXFileReference;
			path = "/Users/Linfinity/Documents/Spring2016/CSc59866_SeniorDesign/CSc59866_SeniorDesign/qip2/Dummy.cpp";
			name = "Dummy.cpp";
			sourceTree = "<absolute>";
			lastKnownFileType = "sourcecode.cpp.cpp";
		};
		0E142A7D11700F6F47BC298D = {
			fileRef = "DFFC33D1537E58AB2638EC81";
			isa = PBXBuildFile;
			settings = {
				ATTRIBUTES = (
					);
			};
		};
		8289A00B2DFC45418FD9D57B = {
			isa = PBXFileReference;
			path = "/Users/Linfinity/Documents/Spring2016/CSc59866_SeniorDesign/CSc59866_SeniorDesign/qip2/Threshold.cpp";
			name = "Threshold.cpp";
			sourceTree = "<absolute>";
			lastKnownFileType = "sourcecode.cpp.cpp";
		};
		BD364FBA6A1F0F79F7844AD2 = {
			fileRef = "8289A00B2DFC45418FD9D57B";
			isa = PBXBuildFile;
			settings = {
				ATTRIBUTES = (
					);
			};
		};
		081CDC6A7FB4070C12275855 = {
			isa = PBXFileReference;
			path = "/Users/Linfinity/Documents/Spring2016/CSc59866_SeniorDesign/CSc59866_SeniorDesign/qip2/Contrast.cpp";
			name = "Contrast.cpp";
			sourceTree = "<absolute>";
			lastKnownFileType = "sourcecode.cpp.cpp";
		};
		5A86190E6B9D88C2DDB0D5EE = {
			fileRef = "081CDC6A7FB4070C12275855";
			isa = PBXBuildFile;
			settings = {
				ATTRIBUTES = (
					);
			};
		};
		5E588E19C5ED7D8A6AC8E26D = {
			isa = PBXFileReference;
			path = "/Users/Linfinity/Documents/Spring2016/CSc59866_SeniorDesign/CSc59866_SeniorDesign/qip2/Quantization.cpp";
			name = "Quantization.cpp";
			sourceTree = "<absolute>";
			lastKnownFileType = "sourcecode.cpp.cpp";
		};
		5D1BCA043C2607D88A02ECF6 = {
			fileRef = "5E588E19C5ED7D8A6AC8E26D";
			isa = PBXBuildFile;
			settings = {
				ATTRIBUTES = (
					);
			};
		};
		1989A8BBCBF23EFEA4697643 = {
			isa = PBXFileReference;
			path = "/Users/Linfinity/Documents/Spring2016/CSc59866_SeniorDesign/CSc59866_SeniorDesign/qip2/HistogramStretch.cpp";
			name = "HistogramStretch.cpp";
			sourceTree = "<absolute>";
			lastKnownFileType = "sourcecode.cpp.cpp";
		};
		44888261DA80837E4A8765C4 = {
			fileRef = "1989A8BBCBF23EFEA4697643";
			isa = PBXBuildFile;
			settings = {
				ATTRIBUTES = (
					);
			};
		};
		68E599E834FED241E0B1F1F2 = {
			isa = PBXFileReference;
			path = "/Users/Linfinity/Documents/Spring2016/CSc59866_SeniorDesign/CSc59866_SeniorDesign/qip2/HistogramMatch.cpp";
			name = "HistogramMatch.cpp";
			sourceTree = "<absolute>";
			lastKnownFileType = "sourcecode.cpp.cpp";
		};
		DE54BF7683587BF68CF071D3 = {
			fileRef = "68E599E834FED241E0B1F1F2";
			isa = PBXBuildFile;
			settings = {
				ATTRIBUTES = (
					);
			};
		};
		AF6F2AF58C925F53D059F14E = {
			isa = PBXFileReference;
			path = "/Users/Linfinity/Documents/Spring2016/CSc59866_SeniorDesign/CSc59866_SeniorDesign/qip2/ErrorDiffusion.cpp";
			name = "ErrorDiffusion.cpp";
			sourceTree = "<absolute>";
			lastKnownFileType = "sourcecode.cpp.cpp";
		};
		CCF2D774B2732A009D27A12C = {
			fileRef = "AF6F2AF58C925F53D059F14E";
			isa = PBXBuildFile;
			settings = {
				ATTRIBUTES = (
					);
			};
		};
		F17CB606C5A571CE4F1CA214 = {
			isa = PBXFileReference;
			path = "/Users/Linfinity/Documents/Spring2016/CSc59866_SeniorDesign/CSc59866_SeniorDesign/qip2/Blur.cpp";
			name = "Blur.cpp";
			sourceTree = "<absolute>";
			lastKnownFileType = "sourcecode.cpp.cpp";
		};
		4160B16D6845BFDB1F02D8AD = {
			fileRef = "F17CB606C5A571CE4F1CA214";
			isa = PBXBuildFile;
			settings = {
				ATTRIBUTES = (
					);
			};
		};
		C1786E22579CCB09E2EFCFD3 = {
			isa = PBXFileReference;
			path = "/Users/Linfinity/Documents/Spring2016/CSc59866_SeniorDesign/CSc59866_SeniorDesign/qip2/Sharpen.cpp";
			name = "Sharpen.cpp";
			sourceTree = "<absolute>";
			lastKnownFileType = "sourcecode.cpp.cpp";
		};
		6D650E07535E63C712C30209 = {
			fileRef = "C1786E22579CCB09E2EFCFD3";
			isa = PBXBuildFile;
			settings = {
				ATTRIBUTES = (
					);
			};
		};
		019732BBD6F5158FAD5ED98D = {
			isa = PBXFileReference;
			path = "/Users/Linfinity/Documents/Spring2016/CSc59866_SeniorDesign/CSc59866_SeniorDesign/qip2/MedianFilter.cpp";
			name = "MedianFilter.cpp";
			sourceTree = "<absolute>";
			lastKnownFileType = "sourcecode.cpp.cpp";
		};
		A1FEF5771171540215F6B1F1 = {
			fileRef = "019732BBD6F5158FAD5ED98D";
			isa = PBXBuildFile;
			settings = {
				ATTRIBUTES = (
					);
			};
		};
		6C23F5138401DA32E3848367 = {
			isa = PBXFileReference;
			path = "/Users/Linfinity/Documents/Spring2016/CSc59866_SeniorDesign/CSc59866_SeniorDesign/qip2/moc/moc_MainWindow.cpp";
			name = "moc_MainWindow.cpp";
			sourceTree = "<absolute>";
			lastKnownFileType = "sourcecode.cpp.cpp";
		};
		8792B5C7B94AFA97647D4C84 = {
			fileRef = "6C23F5138401DA32E3848367";
			isa = PBXBuildFile;
			settings = {
				ATTRIBUTES = (
					);
			};
		};
		94C8632A8EB9F1B3D4B2C57D = {
			isa = PBXFileReference;
			path = "/Users/Linfinity/Documents/Spring2016/CSc59866_SeniorDesign/CSc59866_SeniorDesign/qip2/moc/moc_qcustomplot.cpp";
			name = "moc_qcustomplot.cpp";
			sourceTree = "<absolute>";
			lastKnownFileType = "sourcecode.cpp.cpp";
		};
		04C175A6B60153EA8475D5FF = {
			fileRef = "94C8632A8EB9F1B3D4B2C57D";
			isa = PBXBuildFile;
			settings = {
				ATTRIBUTES = (
					);
			};
		};
		D685D27046BEB30CC36A1682 = {
			isa = PBXFileReference;
			path = "/Users/Linfinity/Documents/Spring2016/CSc59866_SeniorDesign/CSc59866_SeniorDesign/qip2/moc/moc_Dummy.cpp";
			name = "moc_Dummy.cpp";
			sourceTree = "<absolute>";
			lastKnownFileType = "sourcecode.cpp.cpp";
		};
		ADDE8A1BC2C79D408E03B8DB = {
			fileRef = "D685D27046BEB30CC36A1682";
			isa = PBXBuildFile;
			settings = {
				ATTRIBUTES = (
					);
			};
		};
		A4B7CAFC8D0041FA15C969A9 = {
			isa = PBXFileReference;
			path = "/Users/Linfinity/Documents/Spring2016/CSc59866_SeniorDesign/CSc59866_SeniorDesign/qip2/moc/moc_Threshold.cpp";
			name = "moc_Threshold.cpp";
			sourceTree = "<absolute>";
			lastKnownFileType = "sourcecode.cpp.cpp";
		};
		A3388C01B16FBEA15892D759 = {
			fileRef = "A4B7CAFC8D0041FA15C969A9";
			isa = PBXBuildFile;
			settings = {
				ATTRIBUTES = (
					);
			};
		};
		3077BE4CAA0A68509D1F949C = {
			isa = PBXFileReference;
			path = "/Users/Linfinity/Documents/Spring2016/CSc59866_SeniorDesign/CSc59866_SeniorDesign/qip2/moc/moc_Contrast.cpp";
			name = "moc_Contrast.cpp";
			sourceTree = "<absolute>";
			lastKnownFileType = "sourcecode.cpp.cpp";
		};
		6D3DEA9D9FB38FB3C05D0128 = {
			fileRef = "3077BE4CAA0A68509D1F949C";
			isa = PBXBuildFile;
			settings = {
				ATTRIBUTES = (
					);
			};
		};
		B31A1374B2B17AF7125AD7AA = {
			isa = PBXFileReference;
			path = "/Users/Linfinity/Documents/Spring2016/CSc59866_SeniorDesign/CSc59866_SeniorDesign/qip2/moc/moc_Quantization.cpp";
			name = "moc_Quantization.cpp";
			sourceTree = "<absolute>";
			lastKnownFileType = "sourcecode.cpp.cpp";
		};
		6A0299558D1B2E81D722FF7B = {
			fileRef = "B31A1374B2B17AF7125AD7AA";
			isa = PBXBuildFile;
			settings = {
				ATTRIBUTES = (
					);
			};
		};
		16E2E556956467FC5F32759C = {
			isa = PBXFileReference;
			path = "/Users/Linfinity/Documents/Spring2016/CSc59866_SeniorDesign/CSc59866_SeniorDesign/qip2/moc/moc_HistogramStretch.cpp";
			name = "moc_HistogramStretch.cpp";
			sourceTree = "<absolute>";
			lastKnownFileType = "sourcecode.cpp.cpp";
		};
		7798E0761A9EBA1C4D565D40 = {
			fileRef = "16E2E556956467FC5F32759C";
			isa = PBXBuildFile;
			settings = {
				ATTRIBUTES = (
					);
			};
		};
		03C2653A6782A5900E8F1A0F = {
			isa = PBXFileReference;
			path = "/Users/Linfinity/Documents/Spring2016/CSc59866_SeniorDesign/CSc59866_SeniorDesign/qip2/moc/moc_HistogramMatch.cpp";
			name = "moc_HistogramMatch.cpp";
			sourceTree = "<absolute>";
			lastKnownFileType = "sourcecode.cpp.cpp";
		};
		A9DEF3B427DB2255FF400240 = {
			fileRef = "03C2653A6782A5900E8F1A0F";
			isa = PBXBuildFile;
			settings = {
				ATTRIBUTES = (
					);
			};
		};
		D09E3DCEADD69930B37FF5CD = {
			isa = PBXFileReference;
			path = "/Users/Linfinity/Documents/Spring2016/CSc59866_SeniorDesign/CSc59866_SeniorDesign/qip2/moc/moc_ErrorDiffusion.cpp";
			name = "moc_ErrorDiffusion.cpp";
			sourceTree = "<absolute>";
			lastKnownFileType = "sourcecode.cpp.cpp";
		};
		FD3204CC2F50A7FDC68E2B84 = {
			fileRef = "D09E3DCEADD69930B37FF5CD";
			isa = PBXBuildFile;
			settings = {
				ATTRIBUTES = (
					);
			};
		};
		75F3EDEA299F6D269A932E9B = {
			isa = PBXFileReference;
			path = "/Users/Linfinity/Documents/Spring2016/CSc59866_SeniorDesign/CSc59866_SeniorDesign/qip2/moc/moc_Blur.cpp";
			name = "moc_Blur.cpp";
			sourceTree = "<absolute>";
			lastKnownFileType = "sourcecode.cpp.cpp";
		};
		7A975B791B90797EE20058EF = {
			fileRef = "75F3EDEA299F6D269A932E9B";
			isa = PBXBuildFile;
			settings = {
				ATTRIBUTES = (
					);
			};
		};
		402E125E3CAEAC4644696533 = {
			isa = PBXFileReference;
			path = "/Users/Linfinity/Documents/Spring2016/CSc59866_SeniorDesign/CSc59866_SeniorDesign/qip2/moc/moc_Sharpen.cpp";
			name = "moc_Sharpen.cpp";
			sourceTree = "<absolute>";
			lastKnownFileType = "sourcecode.cpp.cpp";
		};
		58865F03034F92199EB5A76C = {
			fileRef = "402E125E3CAEAC4644696533";
			isa = PBXBuildFile;
			settings = {
				ATTRIBUTES = (
					);
			};
		};
		D40E5B8ABAB5B8128740D55A = {
			isa = PBXFileReference;
			path = "/Users/Linfinity/Documents/Spring2016/CSc59866_SeniorDesign/CSc59866_SeniorDesign/qip2/moc/moc_MedianFilter.cpp";
			name = "moc_MedianFilter.cpp";
			sourceTree = "<absolute>";
			lastKnownFileType = "sourcecode.cpp.cpp";
		};
		7AD181DB283F83E62C7503E5 = {
			fileRef = "D40E5B8ABAB5B8128740D55A";
			isa = PBXBuildFile;
			settings = {
				ATTRIBUTES = (
					);
			};
		};
		1C46D97D2FE6BA7AC0D49FCB = {
			isa = PBXFileReference;
			path = "/Users/Linfinity/Documents/Spring2016/CSc59866_SeniorDesign/CSc59866_SeniorDesign/qip2/MainWindow.h";
			name = "MainWindow.h";
			sourceTree = "<absolute>";
			lastKnownFileType = "sourcecode.c.h";
		};
		26CBCE3B78A9B2C8C8BC35E5 = {
			isa = PBXFileReference;
			path = "/Users/Linfinity/Documents/Spring2016/CSc59866_SeniorDesign/CSc59866_SeniorDesign/qip2/ImageFilter.h";
			name = "ImageFilter.h";
			sourceTree = "<absolute>";
			lastKnownFileType = "sourcecode.c.h";
		};
		FC8E01F9AA6B38D4530E739D = {
			isa = PBXFileReference;
			path = "/Users/Linfinity/Documents/Spring2016/CSc59866_SeniorDesign/CSc59866_SeniorDesign/qip2/qcustomplot.h";
			name = "qcustomplot.h";
			sourceTree = "<absolute>";
			lastKnownFileType = "sourcecode.c.h";
		};
		B32A5DA47BD3E2B50E3F8099 = {
			isa = PBXFileReference;
			path = "/Users/Linfinity/Documents/Spring2016/CSc59866_SeniorDesign/CSc59866_SeniorDesign/qip2/Dummy.h";
			name = "Dummy.h";
			sourceTree = "<absolute>";
			lastKnownFileType = "sourcecode.c.h";
		};
		192FB59F5BA351344D568F4D = {
			isa = PBXFileReference;
			path = "/Users/Linfinity/Documents/Spring2016/CSc59866_SeniorDesign/CSc59866_SeniorDesign/qip2/Threshold.h";
			name = "Threshold.h";
			sourceTree = "<absolute>";
			lastKnownFileType = "sourcecode.c.h";
		};
		73D0EF0CF4CB62E9FDA4A84F = {
			isa = PBXFileReference;
			path = "/Users/Linfinity/Documents/Spring2016/CSc59866_SeniorDesign/CSc59866_SeniorDesign/qip2/Contrast.h";
			name = "Contrast.h";
			sourceTree = "<absolute>";
			lastKnownFileType = "sourcecode.c.h";
		};
		52F999F07C08E47A7A573278 = {
			isa = PBXFileReference;
			path = "/Users/Linfinity/Documents/Spring2016/CSc59866_SeniorDesign/CSc59866_SeniorDesign/qip2/Quantization.h";
			name = "Quantization.h";
			sourceTree = "<absolute>";
			lastKnownFileType = "sourcecode.c.h";
		};
		B04B649F73487555A8ED1DDE = {
			isa = PBXFileReference;
			path = "/Users/Linfinity/Documents/Spring2016/CSc59866_SeniorDesign/CSc59866_SeniorDesign/qip2/HistogramStretch.h";
			name = "HistogramStretch.h";
			sourceTree = "<absolute>";
			lastKnownFileType = "sourcecode.c.h";
		};
		956205C8132D72ED87055F89 = {
			isa = PBXFileReference;
			path = "/Users/Linfinity/Documents/Spring2016/CSc59866_SeniorDesign/CSc59866_SeniorDesign/qip2/HistogramMatch.h";
			name = "HistogramMatch.h";
			sourceTree = "<absolute>";
			lastKnownFileType = "sourcecode.c.h";
		};
		4295E82E26A2869A69DAD1B4 = {
			isa = PBXFileReference;
			path = "/Users/Linfinity/Documents/Spring2016/CSc59866_SeniorDesign/CSc59866_SeniorDesign/qip2/ErrorDiffusion.h";
			name = "ErrorDiffusion.h";
			sourceTree = "<absolute>";
			lastKnownFileType = "sourcecode.c.h";
		};
		D33901FC7DC935509E04F63C = {
			isa = PBXFileReference;
			path = "/Users/Linfinity/Documents/Spring2016/CSc59866_SeniorDesign/CSc59866_SeniorDesign/qip2/Blur.h";
			name = "Blur.h";
			sourceTree = "<absolute>";
			lastKnownFileType = "sourcecode.c.h";
		};
		A062F1DD8BD4B39E65B712CD = {
			isa = PBXFileReference;
			path = "/Users/Linfinity/Documents/Spring2016/CSc59866_SeniorDesign/CSc59866_SeniorDesign/qip2/Sharpen.h";
			name = "Sharpen.h";
			sourceTree = "<absolute>";
			lastKnownFileType = "sourcecode.c.h";
		};
		B70CCD948930399101DE2661 = {
			isa = PBXFileReference;
			path = "/Users/Linfinity/Documents/Spring2016/CSc59866_SeniorDesign/CSc59866_SeniorDesign/qip2/MedianFilter.h";
			name = "MedianFilter.h";
			sourceTree = "<absolute>";
			lastKnownFileType = "sourcecode.c.h";
		};
		B869B15A3BC6D639AD802D7B = {
			isa = PBXFileReference;
			path = "/Users/Linfinity/Documents/Spring2016/CSc59866_SeniorDesign/CSc59866_SeniorDesign/qip2/qip.pro";
			name = "qip.pro";
			sourceTree = "<absolute>";
			lastKnownFileType = "text";
		};
		1E1A63DE6B704A62BC11E53E = {
			isa = PBXFileReference;
			path = "/Users/Linfinity/Documents/Spring2016/CSc59866_SeniorDesign/CSc59866_SeniorDesign/qip2/.qmake.stash";
			name = ".qmake.stash";
			sourceTree = "<absolute>";
		};
		25B08E2869634E9BCBA333A2 = {
			isa = PBXGroup;
			children = (
				"DB4B99EED9A53460A6E7DC1F");
			name = "Generated Sources";
			sourceTree = "<Group>";
		};
		DB4B99EED9A53460A6E7DC1F = {
			isa = PBXGroup;
			children = (
				"6C23F5138401DA32E3848367",
				"94C8632A8EB9F1B3D4B2C57D",
				"D685D27046BEB30CC36A1682",
				"A4B7CAFC8D0041FA15C969A9",
				"3077BE4CAA0A68509D1F949C",
				"B31A1374B2B17AF7125AD7AA",
				"16E2E556956467FC5F32759C",
				"03C2653A6782A5900E8F1A0F",
				"D09E3DCEADD69930B37FF5CD",
				"75F3EDEA299F6D269A932E9B",
				"402E125E3CAEAC4644696533",
				"D40E5B8ABAB5B8128740D55A");
			name = "moc";
			sourceTree = "<Group>";
		};
		2EB56BE3C2D93CDAB0C52E67 = {
			isa = PBXGroup;
			children = (
				"2EF690F6CCB3319D3E187CFF",
				"4A65B488A8E094CD4733488D",
				"BB8F479304EC2CE3B727055A",
				"A32AFC38DD3166ADE153AEE0",
				"DFFC33D1537E58AB2638EC81",
				"8289A00B2DFC45418FD9D57B",
				"081CDC6A7FB4070C12275855",
				"5E588E19C5ED7D8A6AC8E26D",
				"1989A8BBCBF23EFEA4697643",
				"68E599E834FED241E0B1F1F2",
				"AF6F2AF58C925F53D059F14E",
				"F17CB606C5A571CE4F1CA214",
				"C1786E22579CCB09E2EFCFD3",
				"019732BBD6F5158FAD5ED98D",
				"1C46D97D2FE6BA7AC0D49FCB",
				"26CBCE3B78A9B2C8C8BC35E5",
				"FC8E01F9AA6B38D4530E739D",
				"B32A5DA47BD3E2B50E3F8099",
				"192FB59F5BA351344D568F4D",
				"73D0EF0CF4CB62E9FDA4A84F",
				"52F999F07C08E47A7A573278",
				"B04B649F73487555A8ED1DDE",
				"956205C8132D72ED87055F89",
				"4295E82E26A2869A69DAD1B4",
				"D33901FC7DC935509E04F63C",
				"A062F1DD8BD4B39E65B712CD",
				"B70CCD948930399101DE2661");
			name = "Sources";
			sourceTree = "<Group>";
		};
		74B182DB50CB5611B5C1C297 = {
			isa = PBXGroup;
			children = (
				"B869B15A3BC6D639AD802D7B",
				"1E1A63DE6B704A62BC11E53E");
			name = "Supporting Files";
			sourceTree = "<Group>";
		};
		7EF0942E79C014DCEC8976BC = {
			buildActionMask = 2147483647;
			files = (
				);
			isa = PBXShellScriptBuildPhase;
			runOnlyForDeploymentPostprocessing = 0;
			name = "Qt Preprocessors";
			shellPath = "/bin/sh";
			shellScript = "make -C /Users/Linfinity/Documents/Spring2016/CSc59866_SeniorDesign/CSc59866_SeniorDesign/qip2 -f qt_preprocess.mak";
			showEnvVarsInLog = "0";
		};
		F7E50F631C51CD5B5DC0BC43 = {
			buildActionMask = 2147483647;
			files = (
				"A1BD06020701BBA8FFE1AE24",
				"E17A164DEC5C1D70D0247E8D",
				"5D35897D576348934808F36B",
				"211977D6CEC88BE6F6649B5B",
				"0E142A7D11700F6F47BC298D",
				"BD364FBA6A1F0F79F7844AD2",
				"5A86190E6B9D88C2DDB0D5EE",
				"5D1BCA043C2607D88A02ECF6",
				"44888261DA80837E4A8765C4",
				"DE54BF7683587BF68CF071D3",
				"CCF2D774B2732A009D27A12C",
				"4160B16D6845BFDB1F02D8AD",
				"6D650E07535E63C712C30209",
				"A1FEF5771171540215F6B1F1",
				"8792B5C7B94AFA97647D4C84",
				"04C175A6B60153EA8475D5FF",
				"ADDE8A1BC2C79D408E03B8DB",
				"A3388C01B16FBEA15892D759",
				"6D3DEA9D9FB38FB3C05D0128",
				"6A0299558D1B2E81D722FF7B",
				"7798E0761A9EBA1C4D565D40",
				"A9DEF3B427DB2255FF400240",
				"FD3204CC2F50A7FDC68E2B84",
				"7A975B791B90797EE20058EF",
				"58865F03034F92199EB5A76C",
				"7AD181DB283F83E62C7503E5");
			isa = PBXSourcesBuildPhase;
			runOnlyForDeploymentPostprocessing = 0;
			name = "Compile Sources";
		};
		7C2C7A24419BD536C14E0FE6 = {
			isa = PBXFileReference;
			name = "IP_d";
			path = "/Users/Linfinity/Documents/Spring2016/CSc59866_SeniorDesign/CSc59866_SeniorDesign/qip2/IP/mac/lib/libIP_d.a";
			refType = 0;
			sourceTree = "<absolute>";
		};
		0A78818B0427194580748A9D = {
			fileRef = "7C2C7A24419BD536C14E0FE6";
			isa = PBXBuildFile;
			settings = {
			};
		};
		1AD83C9A341842344D666C95 = {
			isa = PBXFileReference;
			name = "QtPrintSupport.framework";
			path = "/Users/Linfinity/Qt5.5.1/5.5/clang_64/lib/QtPrintSupport.framework";
			refType = 0;
			sourceTree = "<absolute>";
			lastKnownFileType = "wrapper.framework";
		};
		BF06856FA5E244D66969D464 = {
			fileRef = "1AD83C9A341842344D666C95";
			isa = PBXBuildFile;
			settings = {
			};
		};
		8644F0F22669C0F02FAA8A25 = {
			isa = PBXFileReference;
			name = "QtWidgets.framework";
			path = "/Users/Linfinity/Qt5.5.1/5.5/clang_64/lib/QtWidgets.framework";
			refType = 0;
			sourceTree = "<absolute>";
			lastKnownFileType = "wrapper.framework";
		};
		CF309C330937B6AD2B25C879 = {
			fileRef = "8644F0F22669C0F02FAA8A25";
			isa = PBXBuildFile;
			settings = {
			};
		};
		E1532D8C907F44807E95611E = {
			isa = PBXFileReference;
			name = "QtGui.framework";
			path = "/Users/Linfinity/Qt5.5.1/5.5/clang_64/lib/QtGui.framework";
			refType = 0;
			sourceTree = "<absolute>";
			lastKnownFileType = "wrapper.framework";
		};
		5B26BBA00F6538C163EB065C = {
			fileRef = "E1532D8C907F44807E95611E";
			isa = PBXBuildFile;
			settings = {
			};
		};
		277EADEAD400DE9BE63ABBC8 = {
			isa = PBXFileReference;
			name = "QtCore.framework";
			path = "/Users/Linfinity/Qt5.5.1/5.5/clang_64/lib/QtCore.framework";
			refType = 0;
			sourceTree = "<absolute>";
			lastKnownFileType = "wrapper.framework";
		};
		6479686324DD8B11F7216723 = {
			fileRef = "277EADEAD400DE9BE63ABBC8";
			isa = PBXBuildFile;
			settings = {
			};
		};
		2B774D8E4178765CE52EAAF5 = {
			isa = PBXFileReference;
			name = "DiskArbitration.framework";
			path = "/System/Library/Frameworks/DiskArbitration.framework";
			refType = 0;
			sourceTree = "<absolute>";
			lastKnownFileType = "wrapper.framework";
		};
		A99B2AA0F9CBBDD12BA126A4 = {
			fileRef = "2B774D8E4178765CE52EAAF5";
			isa = PBXBuildFile;
			settings = {
			};
		};
		A1A67BEAA744704B29168D39 = {
			isa = PBXFileReference;
			name = "IOKit.framework";
			path = "/System/Library/Frameworks/IOKit.framework";
			refType = 0;
			sourceTree = "<absolute>";
			lastKnownFileType = "wrapper.framework";
		};
		8D267F2E4776F0ECA2F49DC8 = {
			fileRef = "A1A67BEAA744704B29168D39";
			isa = PBXBuildFile;
			settings = {
			};
		};
		D4B32C2222F82AC56BADEB21 = {
			isa = PBXFileReference;
			name = "OpenGL.framework";
			path = "/System/Library/Frameworks/OpenGL.framework";
			refType = 0;
			sourceTree = "<absolute>";
			lastKnownFileType = "wrapper.framework";
		};
		8771A8C96E9C391044035D99 = {
			fileRef = "D4B32C2222F82AC56BADEB21";
			isa = PBXBuildFile;
			settings = {
			};
		};
		8D9815BDB5BD9F90D2BC05C5 = {
			isa = PBXFileReference;
			name = "AGL.framework";
			path = "/System/Library/Frameworks/AGL.framework";
			refType = 0;
			sourceTree = "<absolute>";
			lastKnownFileType = "wrapper.framework";
		};
		E45E51A644D5FC9F942ECE55 = {
			fileRef = "8D9815BDB5BD9F90D2BC05C5";
			isa = PBXBuildFile;
			settings = {
			};
		};
		AF39DD055C3EF8226FBE929D = {
			children = (
				"7C2C7A24419BD536C14E0FE6",
				"1AD83C9A341842344D666C95",
				"8644F0F22669C0F02FAA8A25",
				"E1532D8C907F44807E95611E",
				"277EADEAD400DE9BE63ABBC8",
				"2B774D8E4178765CE52EAAF5",
				"A1A67BEAA744704B29168D39",
				"D4B32C2222F82AC56BADEB21",
				"8D9815BDB5BD9F90D2BC05C5");
			isa = PBXGroup;
			name = "Frameworks";
			sourceTree = "<Group>";
		};
		D1C883685E82D5676953459A = {
			buildActionMask = 2147483647;
			files = (
				"0A78818B0427194580748A9D",
				"BF06856FA5E244D66969D464",
				"CF309C330937B6AD2B25C879",
				"5B26BBA00F6538C163EB065C",
				"6479686324DD8B11F7216723",
				"A99B2AA0F9CBBDD12BA126A4",
				"8D267F2E4776F0ECA2F49DC8",
				"8771A8C96E9C391044035D99",
				"E45E51A644D5FC9F942ECE55");
			isa = PBXFrameworksBuildPhase;
			runOnlyForDeploymentPostprocessing = 0;
			name = "Link Binary With Libraries";
		};
		30414803F31797EB689AE508 = {
			buildActionMask = 2147483647;
			files = (
				);
			isa = PBXResourcesBuildPhase;
			runOnlyForDeploymentPostprocessing = 0;
			name = "Copy Bundle Resources";
		};
		9E93281CBA5B541B20CB3F89 = {
			isa = PBXFileReference;
			includeInIndex = 0;
			explicitFileType = "wrapper.application";
			path = "qip.app";
			sourceTree = BUILT_PRODUCTS_DIR;
		};
		FE0A091FDBFB3E9C31B7A1BD = {
			children = (
				"9E93281CBA5B541B20CB3F89");
			isa = PBXGroup;
			name = "Products";
			sourceTree = "<Group>";
		};
		E8C543AB96796ECAA2E65C57 = {
			children = (
				"2EB56BE3C2D93CDAB0C52E67",
				"25B08E2869634E9BCBA333A2",
				"74B182DB50CB5611B5C1C297",
				"AF39DD055C3EF8226FBE929D",
				"FE0A091FDBFB3E9C31B7A1BD");
			isa = PBXGroup;
			name = "qip";
			sourceTree = "<Group>";
		};
		E9A254D4B67AD110D986746F = {
			buildPhases = (
				"5E618435888B9D49F8540165",
				"7EF0942E79C014DCEC8976BC");
			dependencies = (
				);
			buildConfigurationList = 6CC3B5D2136C7CD6A5CF5A59;
			isa = PBXAggregateTarget;
			buildRules = (
);
			productName = "Qt Preprocess";
			name = "Qt Preprocess";
		};
		D24810225E66F6A7359F30A9 = {
			isa = PBXTargetDependency;
			target = "E9A254D4B67AD110D986746F";
		};
		E5607D52647D07CECC180D4B = {
			buildPhases = (
				"F7E50F631C51CD5B5DC0BC43",
				"D1C883685E82D5676953459A",
				"30414803F31797EB689AE508");
			dependencies = (
				"D24810225E66F6A7359F30A9");
			productReference = "9E93281CBA5B541B20CB3F89";
			buildConfigurationList = 6CC3B5D2136C7CD6A5CF5A59;
			isa = PBXNativeTarget;
			buildRules = (
);
			productType = "com.apple.product-type.application";
			name = "qip";
			productName = "qip";
		};
		3AA6C32AC930069E80220CF1 = {
			isa = XCBuildConfiguration;
			buildSettings = {
				COPY_PHASE_STRIP = "NO";
				ENABLE_BITCODE = "NO";
				GCC_GENERATE_DEBUGGING_SYMBOLS = "YES";
				GCC_OPTIMIZATION_LEVEL = "0";
				PRODUCT_NAME = "qip";
				QT_LIBRARY_SUFFIX = "_debug";
				SDKROOT = "macosx10.11";
				GCC_VERSION = com.apple.compilers.llvm.clang.1_0;
				CC = "/Applications/Xcode.app/Contents/Developer/Toolchains/XcodeDefault.xctoolchain/usr/bin/clang";
				LDPLUSPLUS = "/Applications/Xcode.app/Contents/Developer/Toolchains/XcodeDefault.xctoolchain/usr/bin/clang++";
				INFOPLIST_FILE = "Info.plist";
				SYMROOT = "/Users/Linfinity/Documents/Spring2016/CSc59866_SeniorDesign/CSc59866_SeniorDesign/qip2";
				DYLIB_CURRENT_VERSION = "1.0.0";
				DYLIB_COMPATIBILITY_VERSION = "1.0";
				MACOSX_DEPLOYMENT_TARGET = "10.7";
				HEADER_SEARCH_PATHS = (
					".",
					"IP/mac/header",
					"/Users/Linfinity/Qt5.5.1/5.5/clang_64/lib/QtPrintSupport.framework/Headers",
					"/Users/Linfinity/Qt5.5.1/5.5/clang_64/lib/QtWidgets.framework/Headers",
					"/Users/Linfinity/Qt5.5.1/5.5/clang_64/lib/QtGui.framework/Headers",
					"/Users/Linfinity/Qt5.5.1/5.5/clang_64/lib/QtCore.framework/Headers",
					"moc",
					"/Applications/Xcode.app/Contents/Developer/Platforms/MacOSX.platform/Developer/SDKs/MacOSX10.11.sdk/System/Library/Frameworks/OpenGL.framework/Headers",
					"/Applications/Xcode.app/Contents/Developer/Platforms/MacOSX.platform/Developer/SDKs/MacOSX10.11.sdk/System/Library/Frameworks/AGL.framework/Headers",
					"/Users/Linfinity/Qt5.5.1/5.5/clang_64/mkspecs/macx-clang");
				LIBRARY_SEARCH_PATHS = (
					"./IP/mac/lib",
					"/Users/Linfinity/Documents/Spring2016/CSc59866_SeniorDesign/CSc59866_SeniorDesign/qip2/IP/mac/lib",
					"/Users/Linfinity/Qt5.5.1/5.5/clang_64/lib",
					"/System/Library/Frameworks/");
				FRAMEWORK_SEARCH_PATHS = (
					"/Users/Linfinity/Qt5.5.1/5.5/clang_64/lib",
					"/Users/Linfinity/Qt5.5.1/5.5/clang_64/lib");
				OTHER_CFLAGS = (
					"-pipe",
					"-O2",
					"-Wall",
					"-W",
					"-fPIC",
					"-DQT_NO_DEBUG",
					"-DQT_PRINTSUPPORT_LIB",
					"-DQT_WIDGETS_LIB",
					"-DQT_GUI_LIB",
					"-DQT_CORE_LIB");
				OTHER_CPLUSPLUSFLAGS = (
					"-pipe",
					"-O2",
					"-Wall",
					"-W",
					"-fPIC",
					"-DQT_NO_DEBUG",
					"-DQT_PRINTSUPPORT_LIB",
					"-DQT_WIDGETS_LIB",
					"-DQT_GUI_LIB",
					"-DQT_CORE_LIB");
				OTHER_LDFLAGS = (
						"-headerpad_max_install_names",
						"-Wl,-rpath,/Users/Linfinity/Qt5.5.1/5.5/clang_64/lib",
						"-F/Users/Linfinity/Qt5.5.1/5.5/clang_64/lib",
						"-L./IP/mac/lib");
				ARCHS = "x86_64";
				OBJROOT = "obj/";
			};
			name = "Debug";
		};
		77418F46922677BB04ED38DD = {
			isa = XCBuildConfiguration;
			buildSettings = {
				COPY_PHASE_STRIP = "NO";
				ENABLE_BITCODE = "NO";
				GCC_GENERATE_DEBUGGING_SYMBOLS = "YES";
				GCC_OPTIMIZATION_LEVEL = "0";
				PRODUCT_NAME = "qip";
				QT_LIBRARY_SUFFIX = "_debug";
				SDKROOT = "macosx10.11";
				PRODUCT_NAME = "qip";
			};
			name = "Debug";
		};
		339EE1B2CC4FC24589A0EA95 = {
			isa = XCBuildConfiguration;
			buildSettings = {
				COPY_PHASE_STRIP = "YES";
				ENABLE_BITCODE = "NO";
				GCC_GENERATE_DEBUGGING_SYMBOLS = "NO";
				PRODUCT_NAME = "qip";
				QT_LIBRARY_SUFFIX = "";
				SDKROOT = "macosx10.11";
				GCC_VERSION = com.apple.compilers.llvm.clang.1_0;
				CC = "/Applications/Xcode.app/Contents/Developer/Toolchains/XcodeDefault.xctoolchain/usr/bin/clang";
				LDPLUSPLUS = "/Applications/Xcode.app/Contents/Developer/Toolchains/XcodeDefault.xctoolchain/usr/bin/clang++";
				INFOPLIST_FILE = "Info.plist";
				SYMROOT = "/Users/Linfinity/Documents/Spring2016/CSc59866_SeniorDesign/CSc59866_SeniorDesign/qip2";
				DYLIB_CURRENT_VERSION = "1.0.0";
				DYLIB_COMPATIBILITY_VERSION = "1.0";
				MACOSX_DEPLOYMENT_TARGET = "10.7";
				HEADER_SEARCH_PATHS = (
					".",
					"IP/mac/header",
					"/Users/Linfinity/Qt5.5.1/5.5/clang_64/lib/QtPrintSupport.framework/Headers",
					"/Users/Linfinity/Qt5.5.1/5.5/clang_64/lib/QtWidgets.framework/Headers",
					"/Users/Linfinity/Qt5.5.1/5.5/clang_64/lib/QtGui.framework/Headers",
					"/Users/Linfinity/Qt5.5.1/5.5/clang_64/lib/QtCore.framework/Headers",
					"moc",
					"/Applications/Xcode.app/Contents/Developer/Platforms/MacOSX.platform/Developer/SDKs/MacOSX10.11.sdk/System/Library/Frameworks/OpenGL.framework/Headers",
					"/Applications/Xcode.app/Contents/Developer/Platforms/MacOSX.platform/Developer/SDKs/MacOSX10.11.sdk/System/Library/Frameworks/AGL.framework/Headers",
					"/Users/Linfinity/Qt5.5.1/5.5/clang_64/mkspecs/macx-clang");
				LIBRARY_SEARCH_PATHS = (
					"./IP/mac/lib",
					"/Users/Linfinity/Documents/Spring2016/CSc59866_SeniorDesign/CSc59866_SeniorDesign/qip2/IP/mac/lib",
					"/Users/Linfinity/Qt5.5.1/5.5/clang_64/lib",
					"/System/Library/Frameworks/");
				FRAMEWORK_SEARCH_PATHS = (
					"/Users/Linfinity/Qt5.5.1/5.5/clang_64/lib",
					"/Users/Linfinity/Qt5.5.1/5.5/clang_64/lib");
				OTHER_CFLAGS = (
					"-pipe",
					"-O2",
					"-Wall",
					"-W",
					"-fPIC",
					"-DQT_NO_DEBUG",
					"-DQT_PRINTSUPPORT_LIB",
					"-DQT_WIDGETS_LIB",
					"-DQT_GUI_LIB",
					"-DQT_CORE_LIB");
				OTHER_CPLUSPLUSFLAGS = (
					"-pipe",
					"-O2",
					"-Wall",
					"-W",
					"-fPIC",
					"-DQT_NO_DEBUG",
					"-DQT_PRINTSUPPORT_LIB",
					"-DQT_WIDGETS_LIB",
					"-DQT_GUI_LIB",
					"-DQT_CORE_LIB");
				OTHER_LDFLAGS = (
						"-headerpad_max_install_names",
						"-Wl,-rpath,/Users/Linfinity/Qt5.5.1/5.5/clang_64/lib",
						"-F/Users/Linfinity/Qt5.5.1/5.5/clang_64/lib",
						"-L./IP/mac/lib");
				ARCHS = "x86_64";
				OBJROOT = "obj/";
			};
			name = "Release";
		};
		6666AA5E688052234F6758D8 = {
			isa = XCBuildConfiguration;
			buildSettings = {
				COPY_PHASE_STRIP = "YES";
				ENABLE_BITCODE = "NO";
				GCC_GENERATE_DEBUGGING_SYMBOLS = "NO";
				PRODUCT_NAME = "qip";
				QT_LIBRARY_SUFFIX = "";
				SDKROOT = "macosx10.11";
				PRODUCT_NAME = "qip";
			};
			name = "Release";
		};
		DAC4C1AA5EDEA1C85E9CA5E6 = {
			isa = XCConfigurationList;
			buildConfigurations = (
				"3AA6C32AC930069E80220CF1",
				"339EE1B2CC4FC24589A0EA95");
			defaultConfigurationIsVisible = 0;
			defaultConfigurationName = "Release";
		};
		6CC3B5D2136C7CD6A5CF5A59 = {
			isa = XCConfigurationList;
			buildConfigurations = (
				"77418F46922677BB04ED38DD",
				"6666AA5E688052234F6758D8");
			defaultConfigurationIsVisible = 0;
			defaultConfigurationName = "Release";
		};
		6DB9C3763D02B1415CD9D565 = {
			hasScannedForEncodings = 1;
			compatibilityVersion = "Xcode 3.2";
			isa = PBXProject;
			mainGroup = "E8C543AB96796ECAA2E65C57";
			productRefGroup = "FE0A091FDBFB3E9C31B7A1BD";
			buildConfigurationList = "DAC4C1AA5EDEA1C85E9CA5E6";
			projectDirPath = "";
			projectRoot = "";
			targets = (
				"E5607D52647D07CECC180D4B",
				"E9A254D4B67AD110D986746F");
			attributes = {
				TargetAttributes = {
				};
			};
		};
	};
	rootObject = "6DB9C3763D02B1415CD9D565";
}
