// !$*UTF8*$!
{
	archiveVersion = 1;
	classes = {
	};
	objectVersion = 46;
	objects = {
		5E618435888B9D49F8540165 = {
			buildActionMask = 2147483647;
			files = (
				);
			isa = PBXShellScriptBuildPhase;
			runOnlyForDeploymentPostprocessing = 0;
			name = "Qt Qmake";
			shellPath = "/bin/sh";
			shellScript = "make -C /Users/Linfinity/Documents/Spring2016/CSc59866_SeniorDesign/project/qip2 -f qt_makeqmake.mak";
			showEnvVarsInLog = "0";
		};
		2E43057034156F5AD5E6DAFC = {
			isa = PBXFileReference;
			path = "/Users/Linfinity/Documents/Spring2016/CSc59866_SeniorDesign/project/qip2/main.cpp";
			name = "main.cpp";
			sourceTree = "<absolute>";
			lastKnownFileType = "sourcecode.cpp.cpp";
		};
		5D5AC45635C248F1B42D92DE = {
			fileRef = "2E43057034156F5AD5E6DAFC";
			isa = PBXBuildFile;
			settings = {
				ATTRIBUTES = (
					);
			};
		};
		1B8F26F7030BB9CCA914120D = {
			isa = PBXFileReference;
			path = "/Users/Linfinity/Documents/Spring2016/CSc59866_SeniorDesign/project/qip2/MainWindow.cpp";
			name = "MainWindow.cpp";
			sourceTree = "<absolute>";
			lastKnownFileType = "sourcecode.cpp.cpp";
		};
		F67652C4B7FC9D4FE4202B7A = {
			fileRef = "1B8F26F7030BB9CCA914120D";
			isa = PBXBuildFile;
			settings = {
				ATTRIBUTES = (
					);
			};
		};
		29D2DBCDD7DD9155FF0566A3 = {
			isa = PBXFileReference;
			path = "/Users/Linfinity/Documents/Spring2016/CSc59866_SeniorDesign/project/qip2/ImageFilter.cpp";
			name = "ImageFilter.cpp";
			sourceTree = "<absolute>";
			lastKnownFileType = "sourcecode.cpp.cpp";
		};
		BE20AD155C0626638A151161 = {
			fileRef = "29D2DBCDD7DD9155FF0566A3";
			isa = PBXBuildFile;
			settings = {
				ATTRIBUTES = (
					);
			};
		};
		C6F09B3E76BC0A9BFF884B9A = {
			isa = PBXFileReference;
			path = "/Users/Linfinity/Documents/Spring2016/CSc59866_SeniorDesign/project/qip2/qcustomplot.cpp";
			name = "qcustomplot.cpp";
			sourceTree = "<absolute>";
			lastKnownFileType = "sourcecode.cpp.cpp";
		};
		642EBD7D25BE6E135FD9224A = {
			fileRef = "C6F09B3E76BC0A9BFF884B9A";
			isa = PBXBuildFile;
			settings = {
				ATTRIBUTES = (
					);
			};
		};
		821B56EE1DE12326F174214B = {
			isa = PBXFileReference;
			path = "/Users/Linfinity/Documents/Spring2016/CSc59866_SeniorDesign/project/qip2/Dummy.cpp";
			name = "Dummy.cpp";
			sourceTree = "<absolute>";
			lastKnownFileType = "sourcecode.cpp.cpp";
		};
		9EE8D38042254EFB7C704F54 = {
			fileRef = "821B56EE1DE12326F174214B";
			isa = PBXBuildFile;
			settings = {
				ATTRIBUTES = (
					);
			};
		};
		2A63B61AEEFABD76319815F0 = {
			isa = PBXFileReference;
			path = "/Users/Linfinity/Documents/Spring2016/CSc59866_SeniorDesign/project/qip2/Threshold.cpp";
			name = "Threshold.cpp";
			sourceTree = "<absolute>";
			lastKnownFileType = "sourcecode.cpp.cpp";
		};
		08DA71CDF682D6B1BFC40841 = {
			fileRef = "2A63B61AEEFABD76319815F0";
			isa = PBXBuildFile;
			settings = {
				ATTRIBUTES = (
					);
			};
		};
		35A50E2211B660E7C47DC7AB = {
			isa = PBXFileReference;
			path = "/Users/Linfinity/Documents/Spring2016/CSc59866_SeniorDesign/project/qip2/Contrast.cpp";
			name = "Contrast.cpp";
			sourceTree = "<absolute>";
			lastKnownFileType = "sourcecode.cpp.cpp";
		};
		30998289E10FE7B8C71A807F = {
			fileRef = "35A50E2211B660E7C47DC7AB";
			isa = PBXBuildFile;
			settings = {
				ATTRIBUTES = (
					);
			};
		};
		D1001E37DCC1610277D3D316 = {
			isa = PBXFileReference;
			path = "/Users/Linfinity/Documents/Spring2016/CSc59866_SeniorDesign/project/qip2/Quantization.cpp";
			name = "Quantization.cpp";
			sourceTree = "<absolute>";
			lastKnownFileType = "sourcecode.cpp.cpp";
		};
		C129DFC03BBEBCC25EEAE0E6 = {
			fileRef = "D1001E37DCC1610277D3D316";
			isa = PBXBuildFile;
			settings = {
				ATTRIBUTES = (
					);
			};
		};
		60AE6DA01829743E83487572 = {
			isa = PBXFileReference;
			path = "/Users/Linfinity/Documents/Spring2016/CSc59866_SeniorDesign/project/qip2/HistogramStretch.cpp";
			name = "HistogramStretch.cpp";
			sourceTree = "<absolute>";
			lastKnownFileType = "sourcecode.cpp.cpp";
		};
		4B217E30B3DBFE88A1FE5796 = {
			fileRef = "60AE6DA01829743E83487572";
			isa = PBXBuildFile;
			settings = {
				ATTRIBUTES = (
					);
			};
		};
		6AEA7152A3C0641853D47299 = {
			isa = PBXFileReference;
			path = "/Users/Linfinity/Documents/Spring2016/CSc59866_SeniorDesign/project/qip2/HistogramMatch.cpp";
			name = "HistogramMatch.cpp";
			sourceTree = "<absolute>";
			lastKnownFileType = "sourcecode.cpp.cpp";
		};
		1385E4D2A397273F58D757AA = {
			fileRef = "6AEA7152A3C0641853D47299";
			isa = PBXBuildFile;
			settings = {
				ATTRIBUTES = (
					);
			};
		};
		8ADC7C0ED1FD686D97CBEA24 = {
			isa = PBXFileReference;
			path = "/Users/Linfinity/Documents/Spring2016/CSc59866_SeniorDesign/project/qip2/ErrorDiffusion.cpp";
			name = "ErrorDiffusion.cpp";
			sourceTree = "<absolute>";
			lastKnownFileType = "sourcecode.cpp.cpp";
		};
		1BFC60661B6D68DEE2EAB1F9 = {
			fileRef = "8ADC7C0ED1FD686D97CBEA24";
			isa = PBXBuildFile;
			settings = {
				ATTRIBUTES = (
					);
			};
		};
		156D39BAA6F753FA1983D585 = {
			isa = PBXFileReference;
			path = "/Users/Linfinity/Documents/Spring2016/CSc59866_SeniorDesign/project/qip2/moc/moc_MainWindow.cpp";
			name = "moc_MainWindow.cpp";
			sourceTree = "<absolute>";
			lastKnownFileType = "sourcecode.cpp.cpp";
		};
		3465B7479C0695DB9871A52D = {
			fileRef = "156D39BAA6F753FA1983D585";
			isa = PBXBuildFile;
			settings = {
				ATTRIBUTES = (
					);
			};
		};
		ECABF7B64FD4190D6CC48ED2 = {
			isa = PBXFileReference;
			path = "/Users/Linfinity/Documents/Spring2016/CSc59866_SeniorDesign/project/qip2/moc/moc_qcustomplot.cpp";
			name = "moc_qcustomplot.cpp";
			sourceTree = "<absolute>";
			lastKnownFileType = "sourcecode.cpp.cpp";
		};
		312F2583BCAEF7CC9BCCB0A4 = {
			fileRef = "ECABF7B64FD4190D6CC48ED2";
			isa = PBXBuildFile;
			settings = {
				ATTRIBUTES = (
					);
			};
		};
		DC6095E53B4A43F5909188BF = {
			isa = PBXFileReference;
			path = "/Users/Linfinity/Documents/Spring2016/CSc59866_SeniorDesign/project/qip2/moc/moc_Dummy.cpp";
			name = "moc_Dummy.cpp";
			sourceTree = "<absolute>";
			lastKnownFileType = "sourcecode.cpp.cpp";
		};
		73DC2D716C2EBCDDC2F263D6 = {
			fileRef = "DC6095E53B4A43F5909188BF";
			isa = PBXBuildFile;
			settings = {
				ATTRIBUTES = (
					);
			};
		};
		4912E666EAEB5DB89C5A1D77 = {
			isa = PBXFileReference;
			path = "/Users/Linfinity/Documents/Spring2016/CSc59866_SeniorDesign/project/qip2/moc/moc_Threshold.cpp";
			name = "moc_Threshold.cpp";
			sourceTree = "<absolute>";
			lastKnownFileType = "sourcecode.cpp.cpp";
		};
		024803692F71B9B9F83DE5D6 = {
			fileRef = "4912E666EAEB5DB89C5A1D77";
			isa = PBXBuildFile;
			settings = {
				ATTRIBUTES = (
					);
			};
		};
		719F74A2BDA57E4042932F43 = {
			isa = PBXFileReference;
			path = "/Users/Linfinity/Documents/Spring2016/CSc59866_SeniorDesign/project/qip2/moc/moc_Contrast.cpp";
			name = "moc_Contrast.cpp";
			sourceTree = "<absolute>";
			lastKnownFileType = "sourcecode.cpp.cpp";
		};
		8ABDAD2714AE100516F055C0 = {
			fileRef = "719F74A2BDA57E4042932F43";
			isa = PBXBuildFile;
			settings = {
				ATTRIBUTES = (
					);
			};
		};
		5047891A52C7C36AB4475540 = {
			isa = PBXFileReference;
			path = "/Users/Linfinity/Documents/Spring2016/CSc59866_SeniorDesign/project/qip2/moc/moc_Quantization.cpp";
			name = "moc_Quantization.cpp";
			sourceTree = "<absolute>";
			lastKnownFileType = "sourcecode.cpp.cpp";
		};
		D59A43F73622D08F43303B20 = {
			fileRef = "5047891A52C7C36AB4475540";
			isa = PBXBuildFile;
			settings = {
				ATTRIBUTES = (
					);
			};
		};
		3AA1B48345B4A8CC6B5E0503 = {
			isa = PBXFileReference;
			path = "/Users/Linfinity/Documents/Spring2016/CSc59866_SeniorDesign/project/qip2/moc/moc_HistogramStretch.cpp";
			name = "moc_HistogramStretch.cpp";
			sourceTree = "<absolute>";
			lastKnownFileType = "sourcecode.cpp.cpp";
		};
		2E09D07348B083E216D76413 = {
			fileRef = "3AA1B48345B4A8CC6B5E0503";
			isa = PBXBuildFile;
			settings = {
				ATTRIBUTES = (
					);
			};
		};
		3158F3999FE1534B26AB27A5 = {
			isa = PBXFileReference;
			path = "/Users/Linfinity/Documents/Spring2016/CSc59866_SeniorDesign/project/qip2/moc/moc_HistogramMatch.cpp";
			name = "moc_HistogramMatch.cpp";
			sourceTree = "<absolute>";
			lastKnownFileType = "sourcecode.cpp.cpp";
		};
		E68D845F6EF766F7CCB62A52 = {
			fileRef = "3158F3999FE1534B26AB27A5";
			isa = PBXBuildFile;
			settings = {
				ATTRIBUTES = (
					);
			};
		};
		3A6BE2E616A2AC2CCCD8B609 = {
			isa = PBXFileReference;
			path = "/Users/Linfinity/Documents/Spring2016/CSc59866_SeniorDesign/project/qip2/moc/moc_ErrorDiffusion.cpp";
			name = "moc_ErrorDiffusion.cpp";
			sourceTree = "<absolute>";
			lastKnownFileType = "sourcecode.cpp.cpp";
		};
		9645530B8746D702F24811B1 = {
			fileRef = "3A6BE2E616A2AC2CCCD8B609";
			isa = PBXBuildFile;
			settings = {
				ATTRIBUTES = (
					);
			};
		};
		8CC6435743B0BC053D4BCD8E = {
			isa = PBXFileReference;
			path = "/Users/Linfinity/Documents/Spring2016/CSc59866_SeniorDesign/project/qip2/MainWindow.h";
			name = "MainWindow.h";
			sourceTree = "<absolute>";
			lastKnownFileType = "sourcecode.c.h";
		};
		0B8ABDBA834FDE8F3B0C8AA4 = {
			isa = PBXFileReference;
			path = "/Users/Linfinity/Documents/Spring2016/CSc59866_SeniorDesign/project/qip2/ImageFilter.h";
			name = "ImageFilter.h";
			sourceTree = "<absolute>";
			lastKnownFileType = "sourcecode.c.h";
		};
		B2A375BF0D3BA8BD308F8CD7 = {
			isa = PBXFileReference;
			path = "/Users/Linfinity/Documents/Spring2016/CSc59866_SeniorDesign/project/qip2/qcustomplot.h";
			name = "qcustomplot.h";
			sourceTree = "<absolute>";
			lastKnownFileType = "sourcecode.c.h";
		};
		73640FB84E6F2D12417360CE = {
			isa = PBXFileReference;
			path = "/Users/Linfinity/Documents/Spring2016/CSc59866_SeniorDesign/project/qip2/Dummy.h";
			name = "Dummy.h";
			sourceTree = "<absolute>";
			lastKnownFileType = "sourcecode.c.h";
		};
		0852FAB22DBF2FCC8078DD9B = {
			isa = PBXFileReference;
			path = "/Users/Linfinity/Documents/Spring2016/CSc59866_SeniorDesign/project/qip2/Threshold.h";
			name = "Threshold.h";
			sourceTree = "<absolute>";
			lastKnownFileType = "sourcecode.c.h";
		};
		68C95FB04C61857C87219A39 = {
			isa = PBXFileReference;
			path = "/Users/Linfinity/Documents/Spring2016/CSc59866_SeniorDesign/project/qip2/Contrast.h";
			name = "Contrast.h";
			sourceTree = "<absolute>";
			lastKnownFileType = "sourcecode.c.h";
		};
		F48318BA181AE33534F7D7AE = {
			isa = PBXFileReference;
			path = "/Users/Linfinity/Documents/Spring2016/CSc59866_SeniorDesign/project/qip2/Quantization.h";
			name = "Quantization.h";
			sourceTree = "<absolute>";
			lastKnownFileType = "sourcecode.c.h";
		};
		3020C9507BE8F8FDB5766B21 = {
			isa = PBXFileReference;
			path = "/Users/Linfinity/Documents/Spring2016/CSc59866_SeniorDesign/project/qip2/HistogramStretch.h";
			name = "HistogramStretch.h";
			sourceTree = "<absolute>";
			lastKnownFileType = "sourcecode.c.h";
		};
		B4CA669110940F2BA36D44EB = {
			isa = PBXFileReference;
			path = "/Users/Linfinity/Documents/Spring2016/CSc59866_SeniorDesign/project/qip2/HistogramMatch.h";
			name = "HistogramMatch.h";
			sourceTree = "<absolute>";
			lastKnownFileType = "sourcecode.c.h";
		};
		4826EFDBCBF17ED24822F608 = {
			isa = PBXFileReference;
			path = "/Users/Linfinity/Documents/Spring2016/CSc59866_SeniorDesign/project/qip2/ErrorDiffusion.h";
			name = "ErrorDiffusion.h";
			sourceTree = "<absolute>";
			lastKnownFileType = "sourcecode.c.h";
		};
		B0B13AEA70351B71361E3B2C = {
			isa = PBXFileReference;
			path = "/Users/Linfinity/Documents/Spring2016/CSc59866_SeniorDesign/project/qip2/qip.pro";
			name = "qip.pro";
			sourceTree = "<absolute>";
			lastKnownFileType = "text";
		};
		B4186192BA2D05F0EB4D6000 = {
			isa = PBXFileReference;
			path = "/Users/Linfinity/Documents/Spring2016/CSc59866_SeniorDesign/project/qip2/.qmake.stash";
			name = ".qmake.stash";
			sourceTree = "<absolute>";
		};
		25B08E2869634E9BCBA333A2 = {
			isa = PBXGroup;
			children = (
				"DB4B99EED9A53460A6E7DC1F");
			name = "Generated Sources";
			sourceTree = "<Group>";
		};
		DB4B99EED9A53460A6E7DC1F = {
			isa = PBXGroup;
			children = (
				"156D39BAA6F753FA1983D585",
				"ECABF7B64FD4190D6CC48ED2",
				"DC6095E53B4A43F5909188BF",
				"4912E666EAEB5DB89C5A1D77",
				"719F74A2BDA57E4042932F43",
				"5047891A52C7C36AB4475540",
				"3AA1B48345B4A8CC6B5E0503",
				"3158F3999FE1534B26AB27A5",
				"3A6BE2E616A2AC2CCCD8B609");
			name = "moc";
			sourceTree = "<Group>";
		};
		2EB56BE3C2D93CDAB0C52E67 = {
			isa = PBXGroup;
			children = (
				"2E43057034156F5AD5E6DAFC",
				"1B8F26F7030BB9CCA914120D",
				"29D2DBCDD7DD9155FF0566A3",
				"C6F09B3E76BC0A9BFF884B9A",
				"821B56EE1DE12326F174214B",
				"2A63B61AEEFABD76319815F0",
				"35A50E2211B660E7C47DC7AB",
				"D1001E37DCC1610277D3D316",
				"60AE6DA01829743E83487572",
				"6AEA7152A3C0641853D47299",
				"8ADC7C0ED1FD686D97CBEA24",
				"8CC6435743B0BC053D4BCD8E",
				"0B8ABDBA834FDE8F3B0C8AA4",
				"B2A375BF0D3BA8BD308F8CD7",
				"73640FB84E6F2D12417360CE",
				"0852FAB22DBF2FCC8078DD9B",
				"68C95FB04C61857C87219A39",
				"F48318BA181AE33534F7D7AE",
				"3020C9507BE8F8FDB5766B21",
				"B4CA669110940F2BA36D44EB",
				"4826EFDBCBF17ED24822F608");
			name = "Sources";
			sourceTree = "<Group>";
		};
		74B182DB50CB5611B5C1C297 = {
			isa = PBXGroup;
			children = (
				"B0B13AEA70351B71361E3B2C",
				"B4186192BA2D05F0EB4D6000");
			name = "Supporting Files";
			sourceTree = "<Group>";
		};
		7EF0942E79C014DCEC8976BC = {
			buildActionMask = 2147483647;
			files = (
				);
			isa = PBXShellScriptBuildPhase;
			runOnlyForDeploymentPostprocessing = 0;
			name = "Qt Preprocessors";
			shellPath = "/bin/sh";
			shellScript = "make -C /Users/Linfinity/Documents/Spring2016/CSc59866_SeniorDesign/project/qip2 -f qt_preprocess.mak";
			showEnvVarsInLog = "0";
		};
		F7E50F631C51CD5B5DC0BC43 = {
			buildActionMask = 2147483647;
			files = (
				"5D5AC45635C248F1B42D92DE",
				"F67652C4B7FC9D4FE4202B7A",
				"BE20AD155C0626638A151161",
				"642EBD7D25BE6E135FD9224A",
				"9EE8D38042254EFB7C704F54",
				"08DA71CDF682D6B1BFC40841",
				"30998289E10FE7B8C71A807F",
				"C129DFC03BBEBCC25EEAE0E6",
				"4B217E30B3DBFE88A1FE5796",
				"1385E4D2A397273F58D757AA",
				"1BFC60661B6D68DEE2EAB1F9",
				"3465B7479C0695DB9871A52D",
				"312F2583BCAEF7CC9BCCB0A4",
				"73DC2D716C2EBCDDC2F263D6",
				"024803692F71B9B9F83DE5D6",
				"8ABDAD2714AE100516F055C0",
				"D59A43F73622D08F43303B20",
				"2E09D07348B083E216D76413",
				"E68D845F6EF766F7CCB62A52",
				"9645530B8746D702F24811B1");
			isa = PBXSourcesBuildPhase;
			runOnlyForDeploymentPostprocessing = 0;
			name = "Compile Sources";
		};
		86C3126E4507C1F78CF479C6 = {
			isa = PBXFileReference;
			name = "IP_d";
			path = "/Users/Linfinity/Documents/Spring2016/CSc59866_SeniorDesign/project/qip2/IP/mac/lib/libIP_d.a";
			refType = 0;
			sourceTree = "<absolute>";
		};
		8D3DEA4E988BB98A05C24049 = {
			fileRef = "86C3126E4507C1F78CF479C6";
			isa = PBXBuildFile;
			settings = {
			};
		};
		1AD83C9A341842344D666C95 = {
			isa = PBXFileReference;
			name = "QtPrintSupport.framework";
			path = "/Users/Linfinity/Qt5.5.1/5.5/clang_64/lib/QtPrintSupport.framework";
			refType = 0;
			sourceTree = "<absolute>";
			lastKnownFileType = "wrapper.framework";
		};
		BF06856FA5E244D66969D464 = {
			fileRef = "1AD83C9A341842344D666C95";
			isa = PBXBuildFile;
			settings = {
			};
		};
		8644F0F22669C0F02FAA8A25 = {
			isa = PBXFileReference;
			name = "QtWidgets.framework";
			path = "/Users/Linfinity/Qt5.5.1/5.5/clang_64/lib/QtWidgets.framework";
			refType = 0;
			sourceTree = "<absolute>";
			lastKnownFileType = "wrapper.framework";
		};
		CF309C330937B6AD2B25C879 = {
			fileRef = "8644F0F22669C0F02FAA8A25";
			isa = PBXBuildFile;
			settings = {
			};
		};
		E1532D8C907F44807E95611E = {
			isa = PBXFileReference;
			name = "QtGui.framework";
			path = "/Users/Linfinity/Qt5.5.1/5.5/clang_64/lib/QtGui.framework";
			refType = 0;
			sourceTree = "<absolute>";
			lastKnownFileType = "wrapper.framework";
		};
		5B26BBA00F6538C163EB065C = {
			fileRef = "E1532D8C907F44807E95611E";
			isa = PBXBuildFile;
			settings = {
			};
		};
		277EADEAD400DE9BE63ABBC8 = {
			isa = PBXFileReference;
			name = "QtCore.framework";
			path = "/Users/Linfinity/Qt5.5.1/5.5/clang_64/lib/QtCore.framework";
			refType = 0;
			sourceTree = "<absolute>";
			lastKnownFileType = "wrapper.framework";
		};
		6479686324DD8B11F7216723 = {
			fileRef = "277EADEAD400DE9BE63ABBC8";
			isa = PBXBuildFile;
			settings = {
			};
		};
		2B774D8E4178765CE52EAAF5 = {
			isa = PBXFileReference;
			name = "DiskArbitration.framework";
			path = "/System/Library/Frameworks/DiskArbitration.framework";
			refType = 0;
			sourceTree = "<absolute>";
			lastKnownFileType = "wrapper.framework";
		};
		A99B2AA0F9CBBDD12BA126A4 = {
			fileRef = "2B774D8E4178765CE52EAAF5";
			isa = PBXBuildFile;
			settings = {
			};
		};
		A1A67BEAA744704B29168D39 = {
			isa = PBXFileReference;
			name = "IOKit.framework";
			path = "/System/Library/Frameworks/IOKit.framework";
			refType = 0;
			sourceTree = "<absolute>";
			lastKnownFileType = "wrapper.framework";
		};
		8D267F2E4776F0ECA2F49DC8 = {
			fileRef = "A1A67BEAA744704B29168D39";
			isa = PBXBuildFile;
			settings = {
			};
		};
		D4B32C2222F82AC56BADEB21 = {
			isa = PBXFileReference;
			name = "OpenGL.framework";
			path = "/System/Library/Frameworks/OpenGL.framework";
			refType = 0;
			sourceTree = "<absolute>";
			lastKnownFileType = "wrapper.framework";
		};
		8771A8C96E9C391044035D99 = {
			fileRef = "D4B32C2222F82AC56BADEB21";
			isa = PBXBuildFile;
			settings = {
			};
		};
		8D9815BDB5BD9F90D2BC05C5 = {
			isa = PBXFileReference;
			name = "AGL.framework";
			path = "/System/Library/Frameworks/AGL.framework";
			refType = 0;
			sourceTree = "<absolute>";
			lastKnownFileType = "wrapper.framework";
		};
		E45E51A644D5FC9F942ECE55 = {
			fileRef = "8D9815BDB5BD9F90D2BC05C5";
			isa = PBXBuildFile;
			settings = {
			};
		};
		AF39DD055C3EF8226FBE929D = {
			children = (
				"86C3126E4507C1F78CF479C6",
				"1AD83C9A341842344D666C95",
				"8644F0F22669C0F02FAA8A25",
				"E1532D8C907F44807E95611E",
				"277EADEAD400DE9BE63ABBC8",
				"2B774D8E4178765CE52EAAF5",
				"A1A67BEAA744704B29168D39",
				"D4B32C2222F82AC56BADEB21",
				"8D9815BDB5BD9F90D2BC05C5");
			isa = PBXGroup;
			name = "Frameworks";
			sourceTree = "<Group>";
		};
		D1C883685E82D5676953459A = {
			buildActionMask = 2147483647;
			files = (
				"8D3DEA4E988BB98A05C24049",
				"BF06856FA5E244D66969D464",
				"CF309C330937B6AD2B25C879",
				"5B26BBA00F6538C163EB065C",
				"6479686324DD8B11F7216723",
				"A99B2AA0F9CBBDD12BA126A4",
				"8D267F2E4776F0ECA2F49DC8",
				"8771A8C96E9C391044035D99",
				"E45E51A644D5FC9F942ECE55");
			isa = PBXFrameworksBuildPhase;
			runOnlyForDeploymentPostprocessing = 0;
			name = "Link Binary With Libraries";
		};
		30414803F31797EB689AE508 = {
			buildActionMask = 2147483647;
			files = (
				);
			isa = PBXResourcesBuildPhase;
			runOnlyForDeploymentPostprocessing = 0;
			name = "Copy Bundle Resources";
		};
		D22DBCDF4EBFB92163506BD4 = {
			isa = PBXFileReference;
			includeInIndex = 0;
			explicitFileType = "wrapper.application";
			path = "qip.app";
			sourceTree = BUILT_PRODUCTS_DIR;
		};
		FE0A091FDBFB3E9C31B7A1BD = {
			children = (
				"D22DBCDF4EBFB92163506BD4");
			isa = PBXGroup;
			name = "Products";
			sourceTree = "<Group>";
		};
		E8C543AB96796ECAA2E65C57 = {
			children = (
				"2EB56BE3C2D93CDAB0C52E67",
				"25B08E2869634E9BCBA333A2",
				"74B182DB50CB5611B5C1C297",
				"AF39DD055C3EF8226FBE929D",
				"FE0A091FDBFB3E9C31B7A1BD");
			isa = PBXGroup;
			name = "qip";
			sourceTree = "<Group>";
		};
		AC76AD76C91C3A7698E28EF9 = {
			buildPhases = (
				"5E618435888B9D49F8540165",
				"7EF0942E79C014DCEC8976BC");
			dependencies = (
				);
			buildConfigurationList = 6CC3B5D2136C7CD6A5CF5A59;
			isa = PBXAggregateTarget;
			buildRules = (
);
			productName = "Qt Preprocess";
			name = "Qt Preprocess";
		};
		3FDFCB0F01A2520BBC045CB5 = {
			isa = PBXTargetDependency;
			target = "AC76AD76C91C3A7698E28EF9";
		};
		D09D72385EEFC1790CBC0B0F = {
			buildPhases = (
				"F7E50F631C51CD5B5DC0BC43",
				"D1C883685E82D5676953459A",
				"30414803F31797EB689AE508");
			dependencies = (
				"3FDFCB0F01A2520BBC045CB5");
			productReference = "D22DBCDF4EBFB92163506BD4";
			buildConfigurationList = 6CC3B5D2136C7CD6A5CF5A59;
			isa = PBXNativeTarget;
			buildRules = (
);
			productType = "com.apple.product-type.application";
			name = "qip";
			productName = "qip";
		};
		3AA6C32AC930069E80220CF1 = {
			isa = XCBuildConfiguration;
			buildSettings = {
				COPY_PHASE_STRIP = "NO";
				ENABLE_BITCODE = "NO";
				GCC_GENERATE_DEBUGGING_SYMBOLS = "YES";
				GCC_OPTIMIZATION_LEVEL = "0";
				PRODUCT_NAME = "qip";
				QT_LIBRARY_SUFFIX = "_debug";
				SDKROOT = "macosx10.11";
				GCC_VERSION = com.apple.compilers.llvm.clang.1_0;
				CC = "/Applications/Xcode.app/Contents/Developer/Toolchains/XcodeDefault.xctoolchain/usr/bin/clang";
				LDPLUSPLUS = "/Applications/Xcode.app/Contents/Developer/Toolchains/XcodeDefault.xctoolchain/usr/bin/clang++";
				INFOPLIST_FILE = "Info.plist";
				SYMROOT = "/Users/Linfinity/Documents/Spring2016/CSc59866_SeniorDesign/project/qip2";
				DYLIB_CURRENT_VERSION = "1.0.0";
				DYLIB_COMPATIBILITY_VERSION = "1.0";
				MACOSX_DEPLOYMENT_TARGET = "10.7";
				HEADER_SEARCH_PATHS = (
					".",
					"IP/mac/header",
					"/Users/Linfinity/Qt5.5.1/5.5/clang_64/lib/QtPrintSupport.framework/Headers",
					"/Users/Linfinity/Qt5.5.1/5.5/clang_64/lib/QtWidgets.framework/Headers",
					"/Users/Linfinity/Qt5.5.1/5.5/clang_64/lib/QtGui.framework/Headers",
					"/Users/Linfinity/Qt5.5.1/5.5/clang_64/lib/QtCore.framework/Headers",
					"moc",
					"/Applications/Xcode.app/Contents/Developer/Platforms/MacOSX.platform/Developer/SDKs/MacOSX10.11.sdk/System/Library/Frameworks/OpenGL.framework/Headers",
					"/Applications/Xcode.app/Contents/Developer/Platforms/MacOSX.platform/Developer/SDKs/MacOSX10.11.sdk/System/Library/Frameworks/AGL.framework/Headers",
					"/Users/Linfinity/Qt5.5.1/5.5/clang_64/mkspecs/macx-clang");
				LIBRARY_SEARCH_PATHS = (
					"./IP/mac/lib",
					"/Users/Linfinity/Documents/Spring2016/CSc59866_SeniorDesign/project/qip2/IP/mac/lib",
					"/Users/Linfinity/Qt5.5.1/5.5/clang_64/lib",
					"/System/Library/Frameworks/");
				FRAMEWORK_SEARCH_PATHS = (
					"/Users/Linfinity/Qt5.5.1/5.5/clang_64/lib",
					"/Users/Linfinity/Qt5.5.1/5.5/clang_64/lib");
				OTHER_CFLAGS = (
					"-pipe",
					"-O2",
					"-Wall",
					"-W",
					"-fPIC",
					"-DQT_NO_DEBUG",
					"-DQT_PRINTSUPPORT_LIB",
					"-DQT_WIDGETS_LIB",
					"-DQT_GUI_LIB",
					"-DQT_CORE_LIB");
				OTHER_CPLUSPLUSFLAGS = (
					"-pipe",
					"-O2",
					"-Wall",
					"-W",
					"-fPIC",
					"-DQT_NO_DEBUG",
					"-DQT_PRINTSUPPORT_LIB",
					"-DQT_WIDGETS_LIB",
					"-DQT_GUI_LIB",
					"-DQT_CORE_LIB");
				OTHER_LDFLAGS = (
						"-headerpad_max_install_names",
						"-Wl,-rpath,/Users/Linfinity/Qt5.5.1/5.5/clang_64/lib",
						"-F/Users/Linfinity/Qt5.5.1/5.5/clang_64/lib",
						"-L./IP/mac/lib");
				ARCHS = "x86_64";
				OBJROOT = "obj/";
			};
			name = "Debug";
		};
		77418F46922677BB04ED38DD = {
			isa = XCBuildConfiguration;
			buildSettings = {
				COPY_PHASE_STRIP = "NO";
				ENABLE_BITCODE = "NO";
				GCC_GENERATE_DEBUGGING_SYMBOLS = "YES";
				GCC_OPTIMIZATION_LEVEL = "0";
				PRODUCT_NAME = "qip";
				QT_LIBRARY_SUFFIX = "_debug";
				SDKROOT = "macosx10.11";
				PRODUCT_NAME = "qip";
			};
			name = "Debug";
		};
		339EE1B2CC4FC24589A0EA95 = {
			isa = XCBuildConfiguration;
			buildSettings = {
				COPY_PHASE_STRIP = "YES";
				ENABLE_BITCODE = "NO";
				GCC_GENERATE_DEBUGGING_SYMBOLS = "NO";
				PRODUCT_NAME = "qip";
				QT_LIBRARY_SUFFIX = "";
				SDKROOT = "macosx10.11";
				GCC_VERSION = com.apple.compilers.llvm.clang.1_0;
				CC = "/Applications/Xcode.app/Contents/Developer/Toolchains/XcodeDefault.xctoolchain/usr/bin/clang";
				LDPLUSPLUS = "/Applications/Xcode.app/Contents/Developer/Toolchains/XcodeDefault.xctoolchain/usr/bin/clang++";
				INFOPLIST_FILE = "Info.plist";
				SYMROOT = "/Users/Linfinity/Documents/Spring2016/CSc59866_SeniorDesign/project/qip2";
				DYLIB_CURRENT_VERSION = "1.0.0";
				DYLIB_COMPATIBILITY_VERSION = "1.0";
				MACOSX_DEPLOYMENT_TARGET = "10.7";
				HEADER_SEARCH_PATHS = (
					".",
					"IP/mac/header",
					"/Users/Linfinity/Qt5.5.1/5.5/clang_64/lib/QtPrintSupport.framework/Headers",
					"/Users/Linfinity/Qt5.5.1/5.5/clang_64/lib/QtWidgets.framework/Headers",
					"/Users/Linfinity/Qt5.5.1/5.5/clang_64/lib/QtGui.framework/Headers",
					"/Users/Linfinity/Qt5.5.1/5.5/clang_64/lib/QtCore.framework/Headers",
					"moc",
					"/Applications/Xcode.app/Contents/Developer/Platforms/MacOSX.platform/Developer/SDKs/MacOSX10.11.sdk/System/Library/Frameworks/OpenGL.framework/Headers",
					"/Applications/Xcode.app/Contents/Developer/Platforms/MacOSX.platform/Developer/SDKs/MacOSX10.11.sdk/System/Library/Frameworks/AGL.framework/Headers",
					"/Users/Linfinity/Qt5.5.1/5.5/clang_64/mkspecs/macx-clang");
				LIBRARY_SEARCH_PATHS = (
					"./IP/mac/lib",
					"/Users/Linfinity/Documents/Spring2016/CSc59866_SeniorDesign/project/qip2/IP/mac/lib",
					"/Users/Linfinity/Qt5.5.1/5.5/clang_64/lib",
					"/System/Library/Frameworks/");
				FRAMEWORK_SEARCH_PATHS = (
					"/Users/Linfinity/Qt5.5.1/5.5/clang_64/lib",
					"/Users/Linfinity/Qt5.5.1/5.5/clang_64/lib");
				OTHER_CFLAGS = (
					"-pipe",
					"-O2",
					"-Wall",
					"-W",
					"-fPIC",
					"-DQT_NO_DEBUG",
					"-DQT_PRINTSUPPORT_LIB",
					"-DQT_WIDGETS_LIB",
					"-DQT_GUI_LIB",
					"-DQT_CORE_LIB");
				OTHER_CPLUSPLUSFLAGS = (
					"-pipe",
					"-O2",
					"-Wall",
					"-W",
					"-fPIC",
					"-DQT_NO_DEBUG",
					"-DQT_PRINTSUPPORT_LIB",
					"-DQT_WIDGETS_LIB",
					"-DQT_GUI_LIB",
					"-DQT_CORE_LIB");
				OTHER_LDFLAGS = (
						"-headerpad_max_install_names",
						"-Wl,-rpath,/Users/Linfinity/Qt5.5.1/5.5/clang_64/lib",
						"-F/Users/Linfinity/Qt5.5.1/5.5/clang_64/lib",
						"-L./IP/mac/lib");
				ARCHS = "x86_64";
				OBJROOT = "obj/";
			};
			name = "Release";
		};
		6666AA5E688052234F6758D8 = {
			isa = XCBuildConfiguration;
			buildSettings = {
				COPY_PHASE_STRIP = "YES";
				ENABLE_BITCODE = "NO";
				GCC_GENERATE_DEBUGGING_SYMBOLS = "NO";
				PRODUCT_NAME = "qip";
				QT_LIBRARY_SUFFIX = "";
				SDKROOT = "macosx10.11";
				PRODUCT_NAME = "qip";
			};
			name = "Release";
		};
		DAC4C1AA5EDEA1C85E9CA5E6 = {
			isa = XCConfigurationList;
			buildConfigurations = (
				"3AA6C32AC930069E80220CF1",
				"339EE1B2CC4FC24589A0EA95");
			defaultConfigurationIsVisible = 0;
			defaultConfigurationName = "Release";
		};
		6CC3B5D2136C7CD6A5CF5A59 = {
			isa = XCConfigurationList;
			buildConfigurations = (
				"77418F46922677BB04ED38DD",
				"6666AA5E688052234F6758D8");
			defaultConfigurationIsVisible = 0;
			defaultConfigurationName = "Release";
		};
		6DB9C3763D02B1415CD9D565 = {
			hasScannedForEncodings = 1;
			compatibilityVersion = "Xcode 3.2";
			isa = PBXProject;
			mainGroup = "E8C543AB96796ECAA2E65C57";
			productRefGroup = "FE0A091FDBFB3E9C31B7A1BD";
			buildConfigurationList = "DAC4C1AA5EDEA1C85E9CA5E6";
			projectDirPath = "";
			projectRoot = "";
			targets = (
				"D09D72385EEFC1790CBC0B0F",
				"AC76AD76C91C3A7698E28EF9");
			attributes = {
				TargetAttributes = {
				};
			};
		};
	};
	rootObject = "6DB9C3763D02B1415CD9D565";
}
